
Microsoft Visual Studio Solution File, Format Version 12.00
# Visual Studio Version 16
VisualStudioVersion = 16.0.31402.337
MinimumVisualStudioVersion = 10.0.40219.1
Project("{FAE04EC0-301F-11D3-BF4B-00C04F79EFBC}") = "class13works", "class13works.csproj", "{34E15A22-8F64-4311-A813-B7104522E627}"
EndProject
Global
	GlobalSection(SolutionConfigurationPlatforms) = preSolution
		Debug|Any CPU = Debug|Any CPU
		Release|Any CPU = Release|Any CPU
	EndGlobalSection
	GlobalSection(ProjectConfigurationPlatforms) = postSolution
		{34E15A22-8F64-4311-A813-B7104522E627}.Debug|Any CPU.ActiveCfg = Debug|Any CPU
		{34E15A22-8F64-4311-A813-B7104522E627}.Debug|Any CPU.Build.0 = Debug|Any CPU
		{34E15A22-8F64-4311-A813-B7104522E627}.Release|Any CPU.ActiveCfg = Release|Any CPU
		{34E15A22-8F64-4311-A813-B7104522E627}.Release|Any CPU.Build.0 = Release|Any CPU
	EndGlobalSection
	GlobalSection(SolutionProperties) = preSolution
		HideSolutionNode = FALSE
	EndGlobalSection
	GlobalSection(ExtensibilityGlobals) = postSolution
		SolutionGuid = {C6D3C1D9-EE02-47B3-9E4A-96DE942E9FA8}
	EndGlobalSection
EndGlobal
