
Microsoft Visual Studio Solution File, Format Version 12.00
# Visual Studio 15
VisualStudioVersion = 15.0.28307.1433
MinimumVisualStudioVersion = 10.0.40219.1
Project("{FAE04EC0-301F-11D3-BF4B-00C04F79EFBC}") = "clw02", "clw02\clw02.csproj", "{D121B56C-09BD-4C2A-9D30-74EBCB9B687D}"
EndProject
Global
	GlobalSection(SolutionConfigurationPlatforms) = preSolution
		Debug|Any CPU = Debug|Any CPU
		Release|Any CPU = Release|Any CPU
	EndGlobalSection
	GlobalSection(ProjectConfigurationPlatforms) = postSolution
		{D121B56C-09BD-4C2A-9D30-74EBCB9B687D}.Debug|Any CPU.ActiveCfg = Debug|Any CPU
		{D121B56C-09BD-4C2A-9D30-74EBCB9B687D}.Debug|Any CPU.Build.0 = Debug|Any CPU
		{D121B56C-09BD-4C2A-9D30-74EBCB9B687D}.Release|Any CPU.ActiveCfg = Release|Any CPU
		{D121B56C-09BD-4C2A-9D30-74EBCB9B687D}.Release|Any CPU.Build.0 = Release|Any CPU
	EndGlobalSection
	GlobalSection(SolutionProperties) = preSolution
		HideSolutionNode = FALSE
	EndGlobalSection
	GlobalSection(ExtensibilityGlobals) = postSolution
		SolutionGuid = {1F0B8DF5-EF7B-42BD-A906-E953C9BF4F06}
	EndGlobalSection
EndGlobal
