
Microsoft Visual Studio Solution File, Format Version 12.00
# Visual Studio Version 16
VisualStudioVersion = 16.0.31402.337
MinimumVisualStudioVersion = 10.0.40219.1
Project("{FAE04EC0-301F-11D3-BF4B-00C04F79EFBC}") = "classs14worksss", "classs14worksss.csproj", "{9844D8F1-C990-4846-ABDA-16AB40386623}"
EndProject
Global
	GlobalSection(SolutionConfigurationPlatforms) = preSolution
		Debug|Any CPU = Debug|Any CPU
		Release|Any CPU = Release|Any CPU
	EndGlobalSection
	GlobalSection(ProjectConfigurationPlatforms) = postSolution
		{9844D8F1-C990-4846-ABDA-16AB40386623}.Debug|Any CPU.ActiveCfg = Debug|Any CPU
		{9844D8F1-C990-4846-ABDA-16AB40386623}.Debug|Any CPU.Build.0 = Debug|Any CPU
		{9844D8F1-C990-4846-ABDA-16AB40386623}.Release|Any CPU.ActiveCfg = Release|Any CPU
		{9844D8F1-C990-4846-ABDA-16AB40386623}.Release|Any CPU.Build.0 = Release|Any CPU
	EndGlobalSection
	GlobalSection(SolutionProperties) = preSolution
		HideSolutionNode = FALSE
	EndGlobalSection
	GlobalSection(ExtensibilityGlobals) = postSolution
		SolutionGuid = {037FA81F-A5DC-4E26-8D56-E8A1B2688A7E}
	EndGlobalSection
EndGlobal
