
Microsoft Visual Studio Solution File, Format Version 12.00
# Visual Studio Version 16
VisualStudioVersion = 16.0.31402.337
MinimumVisualStudioVersion = 10.0.40219.1
Project("{FAE04EC0-301F-11D3-BF4B-00C04F79EFBC}") = "Getters_And_Setters", "Getters_And_Setters.csproj", "{C5A24F74-76B3-402B-8EA2-F6AEA5E73A17}"
EndProject
Global
	GlobalSection(SolutionConfigurationPlatforms) = preSolution
		Debug|Any CPU = Debug|Any CPU
		Release|Any CPU = Release|Any CPU
	EndGlobalSection
	GlobalSection(ProjectConfigurationPlatforms) = postSolution
		{C5A24F74-76B3-402B-8EA2-F6AEA5E73A17}.Debug|Any CPU.ActiveCfg = Debug|Any CPU
		{C5A24F74-76B3-402B-8EA2-F6AEA5E73A17}.Debug|Any CPU.Build.0 = Debug|Any CPU
		{C5A24F74-76B3-402B-8EA2-F6AEA5E73A17}.Release|Any CPU.ActiveCfg = Release|Any CPU
		{C5A24F74-76B3-402B-8EA2-F6AEA5E73A17}.Release|Any CPU.Build.0 = Release|Any CPU
	EndGlobalSection
	GlobalSection(SolutionProperties) = preSolution
		HideSolutionNode = FALSE
	EndGlobalSection
	GlobalSection(ExtensibilityGlobals) = postSolution
		SolutionGuid = {1766978A-388A-4CC6-B8BD-81350674059E}
	EndGlobalSection
EndGlobal
