
Microsoft Visual Studio Solution File, Format Version 12.00
# Visual Studio Version 18
VisualStudioVersion = 18.8.12023.21
MinimumVisualStudioVersion = 10.0.40219.1
Project("{FAE04EC0-301F-11D3-BF4B-00C04F79EFBC}") = "3. Longest Substring Without Repeating Characters", "LeetCode C Sharp Problem\3. Longest Substring Without Repeating Characters.csproj", "{ECF7CF03-5D2E-4F90-BCFC-AB8CB11B935D}"
EndProject
Project("{FAE04EC0-301F-11D3-BF4B-00C04F79EFBC}") = "Sliding Window", "Sliding Window\Sliding Window.csproj", "{8A9CAC56-B51B-434A-9840-A48896CCE257}"
EndProject
Project("{FAE04EC0-301F-11D3-BF4B-00C04F79EFBC}") = "Median of Two Sorted Arrays", "Median of Two Sorted Arrays\Median of Two Sorted Arrays.csproj", "{8E590548-06E2-49D3-B476-1F2FF96D8D96}"
EndProject
Project("{FAE04EC0-301F-11D3-BF4B-00C04F79EFBC}") = "HeightChecker", "HeightChecker\HeightChecker.csproj", "{C130F952-3967-43BE-B5F2-E6FC4CD739A7}"
EndProject
Project("{FAE04EC0-301F-11D3-BF4B-00C04F79EFBC}") = "Palindromic Number Checker", "Palindromic Number Checker\Palindromic Number Checker.csproj", "{A33F44AD-E35A-4CC8-95B3-99C9B12E0D14}"
EndProject
Project("{FAE04EC0-301F-11D3-BF4B-00C04F79EFBC}") = "CountAlphanumericCharacters", "CountAlphanumericCharacters\CountAlphanumericCharacters.csproj", "{63FDC510-3D10-400B-8E0C-4A84322E7403}"
EndProject
Project("{FAE04EC0-301F-11D3-BF4B-00C04F79EFBC}") = "Dictionary C#", "Dictionary C#\Dictionary C#.csproj", "{148BEC21-0EF0-4FDF-8E07-D1889462F5ED}"
EndProject
Project("{FAE04EC0-301F-11D3-BF4B-00C04F79EFBC}") = "C# Fundamentals", "C# Fundamentals\C# Fundamentals.csproj", "{38449B0D-3F98-4349-A62B-5261888DD276}"
EndProject
Project("{FAE04EC0-301F-11D3-BF4B-00C04F79EFBC}") = "BruteForce_Example", "BruteForce_Example\BruteForce_Example.csproj", "{DFCFA01E-49EF-495A-A3CF-6BA3E16BEA06}"
EndProject
Project("{FAE04EC0-301F-11D3-BF4B-00C04F79EFBC}") = "283MoveZeroes", "283 Move Zeroes\283MoveZeroes.csproj", "{4EFA7B78-CA09-44B5-A50A-E932A5D81DFE}"
EndProject
Project("{FAE04EC0-301F-11D3-BF4B-00C04F79EFBC}") = "189RotateArray", "189RotateArray\189RotateArray.csproj", "{8C52D8E3-3641-4579-8C11-1201540FB103}"
EndProject
Project("{FAE04EC0-301F-11D3-BF4B-00C04F79EFBC}") = "121BestTimetoBuyandSellStock", "121BestTimetoBuyandSellStock\121BestTimetoBuyandSellStock.csproj", "{6308E123-0086-4162-942F-425B06F2D49A}"
EndProject
Project("{FAE04EC0-301F-11D3-BF4B-00C04F79EFBC}") = "123BestTimetoBuySellStockIII", "123BestTimetoBuySellStockIII\123BestTimetoBuySellStockIII.csproj", "{662F5F43-04E4-40DE-95D3-0A7BF62113F9}"
EndProject
Project("{FAE04EC0-301F-11D3-BF4B-00C04F79EFBC}") = "88.MergeSortedArray", "88.MergeSortedArray\88.MergeSortedArray.csproj", "{238AAAF7-AAA8-4218-981F-BC5CFA0C12FF}"
EndProject
Project("{FAE04EC0-301F-11D3-BF4B-00C04F79EFBC}") = "448_169", "448.FindAllNumbersDisappearedinanArray\448_169.csproj", "{C0111D35-308A-4C25-A47F-E9076A2EF875}"
EndProject
Global
	GlobalSection(SolutionConfigurationPlatforms) = preSolution
		Debug|Any CPU = Debug|Any CPU
		Release|Any CPU = Release|Any CPU
	EndGlobalSection
	GlobalSection(ProjectConfigurationPlatforms) = postSolution
		{ECF7CF03-5D2E-4F90-BCFC-AB8CB11B935D}.Debug|Any CPU.ActiveCfg = Debug|Any CPU
		{ECF7CF03-5D2E-4F90-BCFC-AB8CB11B935D}.Debug|Any CPU.Build.0 = Debug|Any CPU
		{ECF7CF03-5D2E-4F90-BCFC-AB8CB11B935D}.Release|Any CPU.ActiveCfg = Release|Any CPU
		{ECF7CF03-5D2E-4F90-BCFC-AB8CB11B935D}.Release|Any CPU.Build.0 = Release|Any CPU
		{8A9CAC56-B51B-434A-9840-A48896CCE257}.Debug|Any CPU.ActiveCfg = Debug|Any CPU
		{8A9CAC56-B51B-434A-9840-A48896CCE257}.Debug|Any CPU.Build.0 = Debug|Any CPU
		{8A9CAC56-B51B-434A-9840-A48896CCE257}.Release|Any CPU.ActiveCfg = Release|Any CPU
		{8A9CAC56-B51B-434A-9840-A48896CCE257}.Release|Any CPU.Build.0 = Release|Any CPU
		{8E590548-06E2-49D3-B476-1F2FF96D8D96}.Debug|Any CPU.ActiveCfg = Debug|Any CPU
		{8E590548-06E2-49D3-B476-1F2FF96D8D96}.Debug|Any CPU.Build.0 = Debug|Any CPU
		{8E590548-06E2-49D3-B476-1F2FF96D8D96}.Release|Any CPU.ActiveCfg = Release|Any CPU
		{8E590548-06E2-49D3-B476-1F2FF96D8D96}.Release|Any CPU.Build.0 = Release|Any CPU
		{C130F952-3967-43BE-B5F2-E6FC4CD739A7}.Debug|Any CPU.ActiveCfg = Debug|Any CPU
		{C130F952-3967-43BE-B5F2-E6FC4CD739A7}.Debug|Any CPU.Build.0 = Debug|Any CPU
		{C130F952-3967-43BE-B5F2-E6FC4CD739A7}.Release|Any CPU.ActiveCfg = Release|Any CPU
		{C130F952-3967-43BE-B5F2-E6FC4CD739A7}.Release|Any CPU.Build.0 = Release|Any CPU
		{A33F44AD-E35A-4CC8-95B3-99C9B12E0D14}.Debug|Any CPU.ActiveCfg = Debug|Any CPU
		{A33F44AD-E35A-4CC8-95B3-99C9B12E0D14}.Debug|Any CPU.Build.0 = Debug|Any CPU
		{A33F44AD-E35A-4CC8-95B3-99C9B12E0D14}.Release|Any CPU.ActiveCfg = Release|Any CPU
		{A33F44AD-E35A-4CC8-95B3-99C9B12E0D14}.Release|Any CPU.Build.0 = Release|Any CPU
		{63FDC510-3D10-400B-8E0C-4A84322E7403}.Debug|Any CPU.ActiveCfg = Debug|Any CPU
		{63FDC510-3D10-400B-8E0C-4A84322E7403}.Debug|Any CPU.Build.0 = Debug|Any CPU
		{63FDC510-3D10-400B-8E0C-4A84322E7403}.Release|Any CPU.ActiveCfg = Release|Any CPU
		{63FDC510-3D10-400B-8E0C-4A84322E7403}.Release|Any CPU.Build.0 = Release|Any CPU
		{148BEC21-0EF0-4FDF-8E07-D1889462F5ED}.Debug|Any CPU.ActiveCfg = Debug|Any CPU
		{148BEC21-0EF0-4FDF-8E07-D1889462F5ED}.Debug|Any CPU.Build.0 = Debug|Any CPU
		{148BEC21-0EF0-4FDF-8E07-D1889462F5ED}.Release|Any CPU.ActiveCfg = Release|Any CPU
		{148BEC21-0EF0-4FDF-8E07-D1889462F5ED}.Release|Any CPU.Build.0 = Release|Any CPU
		{38449B0D-3F98-4349-A62B-5261888DD276}.Debug|Any CPU.ActiveCfg = Debug|Any CPU
		{38449B0D-3F98-4349-A62B-5261888DD276}.Debug|Any CPU.Build.0 = Debug|Any CPU
		{38449B0D-3F98-4349-A62B-5261888DD276}.Release|Any CPU.ActiveCfg = Release|Any CPU
		{38449B0D-3F98-4349-A62B-5261888DD276}.Release|Any CPU.Build.0 = Release|Any CPU
		{DFCFA01E-49EF-495A-A3CF-6BA3E16BEA06}.Debug|Any CPU.ActiveCfg = Debug|Any CPU
		{DFCFA01E-49EF-495A-A3CF-6BA3E16BEA06}.Debug|Any CPU.Build.0 = Debug|Any CPU
		{DFCFA01E-49EF-495A-A3CF-6BA3E16BEA06}.Release|Any CPU.ActiveCfg = Release|Any CPU
		{DFCFA01E-49EF-495A-A3CF-6BA3E16BEA06}.Release|Any CPU.Build.0 = Release|Any CPU
		{4EFA7B78-CA09-44B5-A50A-E932A5D81DFE}.Debug|Any CPU.ActiveCfg = Debug|Any CPU
		{4EFA7B78-CA09-44B5-A50A-E932A5D81DFE}.Debug|Any CPU.Build.0 = Debug|Any CPU
		{4EFA7B78-CA09-44B5-A50A-E932A5D81DFE}.Release|Any CPU.ActiveCfg = Release|Any CPU
		{4EFA7B78-CA09-44B5-A50A-E932A5D81DFE}.Release|Any CPU.Build.0 = Release|Any CPU
		{8C52D8E3-3641-4579-8C11-1201540FB103}.Debug|Any CPU.ActiveCfg = Debug|Any CPU
		{8C52D8E3-3641-4579-8C11-1201540FB103}.Debug|Any CPU.Build.0 = Debug|Any CPU
		{8C52D8E3-3641-4579-8C11-1201540FB103}.Release|Any CPU.ActiveCfg = Release|Any CPU
		{8C52D8E3-3641-4579-8C11-1201540FB103}.Release|Any CPU.Build.0 = Release|Any CPU
		{6308E123-0086-4162-942F-425B06F2D49A}.Debug|Any CPU.ActiveCfg = Debug|Any CPU
		{6308E123-0086-4162-942F-425B06F2D49A}.Debug|Any CPU.Build.0 = Debug|Any CPU
		{6308E123-0086-4162-942F-425B06F2D49A}.Release|Any CPU.ActiveCfg = Release|Any CPU
		{6308E123-0086-4162-942F-425B06F2D49A}.Release|Any CPU.Build.0 = Release|Any CPU
		{662F5F43-04E4-40DE-95D3-0A7BF62113F9}.Debug|Any CPU.ActiveCfg = Debug|Any CPU
		{662F5F43-04E4-40DE-95D3-0A7BF62113F9}.Debug|Any CPU.Build.0 = Debug|Any CPU
		{662F5F43-04E4-40DE-95D3-0A7BF62113F9}.Release|Any CPU.ActiveCfg = Release|Any CPU
		{662F5F43-04E4-40DE-95D3-0A7BF62113F9}.Release|Any CPU.Build.0 = Release|Any CPU
		{238AAAF7-AAA8-4218-981F-BC5CFA0C12FF}.Debug|Any CPU.ActiveCfg = Debug|Any CPU
		{238AAAF7-AAA8-4218-981F-BC5CFA0C12FF}.Debug|Any CPU.Build.0 = Debug|Any CPU
		{238AAAF7-AAA8-4218-981F-BC5CFA0C12FF}.Release|Any CPU.ActiveCfg = Release|Any CPU
		{238AAAF7-AAA8-4218-981F-BC5CFA0C12FF}.Release|Any CPU.Build.0 = Release|Any CPU
		{C0111D35-308A-4C25-A47F-E9076A2EF875}.Debug|Any CPU.ActiveCfg = Debug|Any CPU
		{C0111D35-308A-4C25-A47F-E9076A2EF875}.Debug|Any CPU.Build.0 = Debug|Any CPU
		{C0111D35-308A-4C25-A47F-E9076A2EF875}.Release|Any CPU.ActiveCfg = Release|Any CPU
		{C0111D35-308A-4C25-A47F-E9076A2EF875}.Release|Any CPU.Build.0 = Release|Any CPU
	EndGlobalSection
	GlobalSection(SolutionProperties) = preSolution
		HideSolutionNode = FALSE
	EndGlobalSection
	GlobalSection(ExtensibilityGlobals) = postSolution
		SolutionGuid = {EE27B99B-74CF-4E1E-A22F-10DC55DA0F34}
	EndGlobalSection
EndGlobal
