
Microsoft Visual Studio Solution File, Format Version 12.00
# Visual Studio Version 16
VisualStudioVersion = 16.0.31402.337
MinimumVisualStudioVersion = 10.0.40219.1
Project("{FAE04EC0-301F-11D3-BF4B-00C04F79EFBC}") = "Class_05WORKOUT", "Class_05WORKOUT.csproj", "{2A2EAC30-A7C1-4C60-BD8D-0ECEB0103C30}"
EndProject
Project("{FAE04EC0-301F-11D3-BF4B-00C04F79EFBC}") = "Age claculate", "..\class05workout1\Age claculate.csproj", "{817913BE-DB10-4EDB-9B8D-5B3B097D932C}"
EndProject
Global
	GlobalSection(SolutionConfigurationPlatforms) = preSolution
		Debug|Any CPU = Debug|Any CPU
		Release|Any CPU = Release|Any CPU
	EndGlobalSection
	GlobalSection(ProjectConfigurationPlatforms) = postSolution
		{2A2EAC30-A7C1-4C60-BD8D-0ECEB0103C30}.Debug|Any CPU.ActiveCfg = Debug|Any CPU
		{2A2EAC30-A7C1-4C60-BD8D-0ECEB0103C30}.Debug|Any CPU.Build.0 = Debug|Any CPU
		{2A2EAC30-A7C1-4C60-BD8D-0ECEB0103C30}.Release|Any CPU.ActiveCfg = Release|Any CPU
		{2A2EAC30-A7C1-4C60-BD8D-0ECEB0103C30}.Release|Any CPU.Build.0 = Release|Any CPU
		{817913BE-DB10-4EDB-9B8D-5B3B097D932C}.Debug|Any CPU.ActiveCfg = Debug|Any CPU
		{817913BE-DB10-4EDB-9B8D-5B3B097D932C}.Debug|Any CPU.Build.0 = Debug|Any CPU
		{817913BE-DB10-4EDB-9B8D-5B3B097D932C}.Release|Any CPU.ActiveCfg = Release|Any CPU
		{817913BE-DB10-4EDB-9B8D-5B3B097D932C}.Release|Any CPU.Build.0 = Release|Any CPU
	EndGlobalSection
	GlobalSection(SolutionProperties) = preSolution
		HideSolutionNode = FALSE
	EndGlobalSection
	GlobalSection(ExtensibilityGlobals) = postSolution
		SolutionGuid = {ABD9924A-612B-4F29-B090-DD39C8C30B50}
	EndGlobalSection
EndGlobal
