Microsoft Visual Studio Solution File, Format Version 12.00
# Visual Studio Version 16
VisualStudioVersion = 16.0.31402.337
MinimumVisualStudioVersion = 10.0.40219.1
Project("{FAE04EC0-301F-11D3-BF4B-00C04F79EFBC}") = "Async", "Async\Async\Async.csproj", "{1B70AF60-CC8F-42F2-8FED-4E6D793A6E01}"
EndProject
Project("{FAE04EC0-301F-11D3-BF4B-00C04F79EFBC}") = "000022222", "Basics\000022222\000022222.csproj", "{F54B987F-415E-4601-B919-D3F27551CA41}"
EndProject
Project("{FAE04EC0-301F-11D3-BF4B-00C04F79EFBC}") = "1264623", "Basics\11\1264623.csproj", "{B3FC0647-334C-4EA0-A689-897F20C69EF8}"
EndProject
Project("{FAE04EC0-301F-11D3-BF4B-00C04F79EFBC}") = "1264623_01", "Basics\1264623_01\1264623_01.csproj", "{C4EE64AE-BE92-408C-A855-799CEF8C9778}"
EndProject
Project("{FAE04EC0-301F-11D3-BF4B-00C04F79EFBC}") = "1264623_2", "Basics\1264623_2\1264623_2.csproj", "{72CF0AC7-6C00-4807-A2A3-036EEF17178B}"
EndProject
Project("{FAE04EC0-301F-11D3-BF4B-00C04F79EFBC}") = "clasAges", "Basics\clasAges\clasAges.csproj", "{9C6E8207-5FF1-4DCB-A30D-B285F45358AE}"
EndProject
Project("{FAE04EC0-301F-11D3-BF4B-00C04F79EFBC}") = "class_", "Basics\class_\class_.csproj", "{D3E52CAF-35D2-4F89-AAEA-6115AABFED22}"
EndProject
Project("{FAE04EC0-301F-11D3-BF4B-00C04F79EFBC}") = "Class_05WORKOUT", "Basics\Class_05WORKOUT\Class_05WORKOUT.csproj", "{2A2EAC30-A7C1-4C60-BD8D-0ECEB0103C30}"
EndProject
Project("{FAE04EC0-301F-11D3-BF4B-00C04F79EFBC}") = "class_06_class_work", "Basics\class_06_class_work\class_06_class_work.csproj", "{87004B59-7D86-4E34-9B8F-5379A1760264}"
EndProject
Project("{FAE04EC0-301F-11D3-BF4B-00C04F79EFBC}") = "Class_21_M3_02", "Basics\Class_21_M3_02\Class_21_M3_02.csproj", "{4A874940-9AA9-4B64-ADB3-9907BE8CF8CA}"
EndProject
Project("{FAE04EC0-301F-11D3-BF4B-00C04F79EFBC}") = "class_6_03", "Basics\class_6_03\class_6_03.csproj", "{B8E3932B-04C0-4114-896A-E9CE21F648E2}"
EndProject
Project("{FAE04EC0-301F-11D3-BF4B-00C04F79EFBC}") = "Age claculate", "Basics\class05workout1\Age claculate.csproj", "{817913BE-DB10-4EDB-9B8D-5B3B097D932C}"
EndProject
Project("{FAE04EC0-301F-11D3-BF4B-00C04F79EFBC}") = "class14", "Basics\class14\class14.csproj", "{5B6E6BE7-0774-40DD-BC5A-7B9920A528D2}"
EndProject
Project("{FAE04EC0-301F-11D3-BF4B-00C04F79EFBC}") = "class14classwork", "Basics\class14classwork\class14classwork.csproj", "{BDFF3243-BA08-4F85-B841-C04552FC4730}"
EndProject
Project("{FAE04EC0-301F-11D3-BF4B-00C04F79EFBC}") = "class7.2", "Basics\class7.2\class7.2.csproj", "{382F2917-E0B9-4787-8C3E-F1DAD401481D}"
EndProject
Project("{FAE04EC0-301F-11D3-BF4B-00C04F79EFBC}") = "Class9", "Basics\Class9\Class9.csproj", "{078ACDD4-C65A-4C0C-8911-9DC1D0A7B1FD}"
EndProject
Project("{FAE04EC0-301F-11D3-BF4B-00C04F79EFBC}") = "classlran", "Basics\classlran\classlran.csproj", "{E952CBD5-04B0-4F82-B7F2-88E1E2F0B4F7}"
EndProject
Project("{FAE04EC0-301F-11D3-BF4B-00C04F79EFBC}") = "ClassWork7date", "Basics\ClassWork7date\ClassWork7date.csproj", "{B086FD72-76CF-4F7B-86C6-ECC2847F0EA6}"
EndProject
Project("{FAE04EC0-301F-11D3-BF4B-00C04F79EFBC}") = "clw02", "Basics\clw02\clw02\clw02.csproj", "{D121B56C-09BD-4C2A-9D30-74EBCB9B687D}"
EndProject
Project("{FAE04EC0-301F-11D3-BF4B-00C04F79EFBC}") = "ConsoleApp1", "Basics\ConsoleApp1\ConsoleApp1.csproj", "{C192C170-5BA9-4222-8A5B-5971E0639D35}"
EndProject
Project("{FAE04EC0-301F-11D3-BF4B-00C04F79EFBC}") = "ConsoleApp2", "Basics\ConsoleApp2\ConsoleApp2.csproj", "{FE8807E2-A2CC-42EC-9648-A74B0EBE3AA7}"
EndProject
Project("{FAE04EC0-301F-11D3-BF4B-00C04F79EFBC}") = "divisonnumbe", "Basics\divisonnumbe\divisonnumbe.csproj", "{896C11CE-8807-48FB-A12E-78241E891CB1}"
EndProject
Project("{FAE04EC0-301F-11D3-BF4B-00C04F79EFBC}") = "hlwwrold", "Basics\hlwwrold\hlwwrold\hlwwrold.csproj", "{9140DD06-49C3-40D9-906C-9E3556433A36}"
EndProject
Project("{FAE04EC0-301F-11D3-BF4B-00C04F79EFBC}") = "hworld", "Basics\hworld\hworld.csproj", "{0B0BE4ED-3F16-439E-BE2D-29AA98CBCC4A}"
EndProject
Project("{FAE04EC0-301F-11D3-BF4B-00C04F79EFBC}") = "item1variable", "Basics\item1variable\item1variable.csproj", "{E03D74C4-36F3-4E34-A3CD-04F430CBD254}"
EndProject
Project("{FAE04EC0-301F-11D3-BF4B-00C04F79EFBC}") = "swap", "Basics\swap\swap.csproj", "{DAD0E5B1-1E97-493A-A254-BC8E7AF4FF53}"
EndProject
Project("{FAE04EC0-301F-11D3-BF4B-00C04F79EFBC}") = "take user input", "Basics\take user input\take user input\take user input.csproj", "{BE28C130-D9D2-4B25-8DDE-98E099990882}"
EndProject
Project("{FAE04EC0-301F-11D3-BF4B-00C04F79EFBC}") = "taksjk", "Basics\taksjk\taksjk.csproj", "{3C1ED753-B203-453C-B363-6401C793BEEE}"
EndProject
Project("{FAE04EC0-301F-11D3-BF4B-00C04F79EFBC}") = "Task", "Basics\Task\Task.csproj", "{EE4C738F-76EA-4835-B92B-746AEBEA0013}"
EndProject
Project("{FAE04EC0-301F-11D3-BF4B-00C04F79EFBC}") = "test_ioop", "Basics\test_ioop\test_ioop\test_ioop.csproj", "{CB09B70C-BC1B-4683-9FD4-2E0C998690DB}"
EndProject
Project("{FAE04EC0-301F-11D3-BF4B-00C04F79EFBC}") = "testtttttskills", "Basics\testtttttskills\testtttttskills.csproj", "{56B31DE9-AF55-454F-82A2-C049DF0F14E9}"
EndProject
Project("{FAE04EC0-301F-11D3-BF4B-00C04F79EFBC}") = "try4141451", "Basics\try4141451\try4141451\try4141451.csproj", "{0082B57E-1A29-463D-B1F3-B1B64284FE55}"
EndProject
Project("{FAE04EC0-301F-11D3-BF4B-00C04F79EFBC}") = "ttttttt", "Basics\ttttttt\ttttttt.csproj", "{4B7617C9-FF67-46FC-A540-17E84ECBCAC7}"
EndProject
Project("{FAE04EC0-301F-11D3-BF4B-00C04F79EFBC}") = "uri", "Basics\uri\uri\uri.csproj", "{B67EA053-29F7-4BF5-A03E-A81A5B9DAAAA}"
EndProject
Project("{FAE04EC0-301F-11D3-BF4B-00C04F79EFBC}") = "userinput", "Basics\userinput\userinput.csproj", "{336B54DD-CCB7-4D45-80EF-2EBD6CAE71BA}"
EndProject
Project("{FAE04EC0-301F-11D3-BF4B-00C04F79EFBC}") = "vari", "Basics\vari\vari.csproj", "{052B7CCF-4C58-413A-AA7C-8B351220070A}"
EndProject
Project("{FAE04EC0-301F-11D3-BF4B-00C04F79EFBC}") = "varible", "Basics\varible\varible\varible.csproj", "{94B5081E-AF37-4CF2-987D-0E8F2BCAE566}"
EndProject
Project("{FAE04EC0-301F-11D3-BF4B-00C04F79EFBC}") = "readlinetextfile", "File-IO\readlinetextfile\readlinetextfile.csproj", "{DA41E06A-C69E-455D-99DE-F09859A03FB4}"
EndProject
Project("{FAE04EC0-301F-11D3-BF4B-00C04F79EFBC}") = "readstream", "File-IO\readstream\readstream\readstream.csproj", "{E32A149F-AA5D-46C6-AE41-3070753EF501}"
EndProject
Project("{FAE04EC0-301F-11D3-BF4B-00C04F79EFBC}") = "readtextfileclass05", "File-IO\readtextfileclass05\readtextfileclass05.csproj", "{FDC051AD-16C3-4BA4-86D4-F5D57481AF7A}"
EndProject
Project("{FAE04EC0-301F-11D3-BF4B-00C04F79EFBC}") = "Hw19_02", "LINQ\csharp-linq-practice\Hw19_02\Hw19_02.csproj", "{58047A09-F074-4B7C-94C1-152AAA328272}"
EndProject
Project("{FAE04EC0-301F-11D3-BF4B-00C04F79EFBC}") = "Hw19_ClassWork", "LINQ\csharp-linq-practice\Hw19_ClassWork\Hw19_ClassWork.csproj", "{0F1DF737-DA95-413F-93B4-696FD58D20A9}"
EndProject
Project("{FAE04EC0-301F-11D3-BF4B-00C04F79EFBC}") = "Evidance11", "LINQ\Evidance11\Evidance11.csproj", "{70323A58-4689-454C-A36E-A9F549477087}"
EndProject
Project("{FAE04EC0-301F-11D3-BF4B-00C04F79EFBC}") = "Product", "LINQ\Product\Product.csproj", "{DFB10037-5158-4B02-BADC-A9619CD4E4E1}"
EndProject
Project("{FAE04EC0-301F-11D3-BF4B-00C04F79EFBC}") = "forl", "Loops\forl\forl.csproj", "{167BDC3B-B6B8-4C21-867E-F2A568FA2914}"
EndProject
Project("{FAE04EC0-301F-11D3-BF4B-00C04F79EFBC}") = "forloo_whileloop", "Loops\forloo_whileloop\forloo_whileloop.csproj", "{AF986B68-5ED9-4FAA-AFC7-EAA141013399}"
EndProject
Project("{FAE04EC0-301F-11D3-BF4B-00C04F79EFBC}") = "forloops1", "Loops\forloops1\forloops1.csproj", "{2DDF28BB-5AE5-4F51-B671-C949E735A374}"
EndProject
Project("{FAE04EC0-301F-11D3-BF4B-00C04F79EFBC}") = "forloopstring", "Loops\forloopstring\forloopstring.csproj", "{ACE7C908-7FD6-4365-94A7-1258FCC9623E}"
EndProject
Project("{FAE04EC0-301F-11D3-BF4B-00C04F79EFBC}") = "hwforloops", "Loops\hwforloops\hwforloops\hwforloops.csproj", "{EA85DA8B-BD95-46B1-81F8-4A403502E9B7}"
EndProject
Project("{FAE04EC0-301F-11D3-BF4B-00C04F79EFBC}") = "lllooopppp", "Loops\lllooopppp\lllooopppp.csproj", "{7C2CA8AD-A6B0-4A44-93AA-B3A2015408D5}"
EndProject
Project("{FAE04EC0-301F-11D3-BF4B-00C04F79EFBC}") = "loop", "Loops\loop\loop.csproj", "{385C67CC-080D-44D7-AA95-1761F5D21A81}"
EndProject
Project("{FAE04EC0-301F-11D3-BF4B-00C04F79EFBC}") = "loops", "Loops\loops\loops.csproj", "{25FE01D3-F20B-4417-AEB0-A0E6D7B0C86B}"
EndProject
Project("{FAE04EC0-301F-11D3-BF4B-00C04F79EFBC}") = "loopsuserinput", "Loops\loopsuserinput\loopsuserinput.csproj", "{E143057B-A652-4B4C-BB73-210CD03C672F}"
EndProject
Project("{FAE04EC0-301F-11D3-BF4B-00C04F79EFBC}") = "looptest", "Loops\looptest\looptest.csproj", "{012D40AD-5C62-40A2-AD3C-87B2DDCC006C}"
EndProject
Project("{FAE04EC0-301F-11D3-BF4B-00C04F79EFBC}") = "reloop", "Loops\reloop\reloop.csproj", "{DE8D1641-C243-4065-AE45-E0754505A023}"
EndProject
Project("{FAE04EC0-301F-11D3-BF4B-00C04F79EFBC}") = "whileloops", "Loops\whileloops\whileloops.csproj", "{ACE10C87-43A6-48E3-9B6A-9C8721F2E421}"
EndProject
Project("{FAE04EC0-301F-11D3-BF4B-00C04F79EFBC}") = "methods", "Methods\methods\methods.csproj", "{61F8E38B-A986-4CB5-A8F9-1F55F0CC36D6}"
EndProject
Project("{FAE04EC0-301F-11D3-BF4B-00C04F79EFBC}") = "methods1", "Methods\methods1\methods1.csproj", "{F837E0E6-7F0A-43D9-8D70-697F4383E8A9}"
EndProject
Project("{FAE04EC0-301F-11D3-BF4B-00C04F79EFBC}") = "abstract", "OOP\abstract\abstract.csproj", "{603A533D-96D9-476A-A944-976E11D16DB7}"
EndProject
Project("{FAE04EC0-301F-11D3-BF4B-00C04F79EFBC}") = "ccccls", "OOP\ccccls\ccccls.csproj", "{6E31649D-1E44-4E44-A2CA-7EA6C81C6E88}"
EndProject
Project("{FAE04EC0-301F-11D3-BF4B-00C04F79EFBC}") = "Class_20_Exc", "OOP\Class_20_Exc\Class_20_Exc.csproj", "{80E86444-AA8D-45BE-AC43-4EF55C3F30A8}"
EndProject
Project("{FAE04EC0-301F-11D3-BF4B-00C04F79EFBC}") = "class13works", "OOP\class13works\class13works.csproj", "{34E15A22-8F64-4311-A813-B7104522E627}"
EndProject
Project("{FAE04EC0-301F-11D3-BF4B-00C04F79EFBC}") = "class16insterface", "OOP\class16insterface\class16insterface.csproj", "{7685118D-7C36-4B18-AAEF-AABDA575384F}"
EndProject
Project("{FAE04EC0-301F-11D3-BF4B-00C04F79EFBC}") = "classoverloads", "OOP\classoverloads\classoverloads.csproj", "{C0F3B1E8-7313-49AA-AA00-8E3D697A6525}"
EndProject
Project("{FAE04EC0-301F-11D3-BF4B-00C04F79EFBC}") = "classs14worksss", "OOP\classs14worksss\classs14worksss.csproj", "{9844D8F1-C990-4846-ABDA-16AB40386623}"
EndProject
Project("{FAE04EC0-301F-11D3-BF4B-00C04F79EFBC}") = "classss16work", "OOP\classss16work\classss16work.csproj", "{E6CE25A3-6DAE-4EE9-86FA-8A8291969D0E}"
EndProject
Project("{FAE04EC0-301F-11D3-BF4B-00C04F79EFBC}") = "classwork", "OOP\classwork\classwork.csproj", "{4D198787-EABA-405F-A98B-BEB729E7756A}"
EndProject
Project("{FAE04EC0-301F-11D3-BF4B-00C04F79EFBC}") = "ClassWork14", "OOP\ClassWork14\ClassWork14.csproj", "{8DE3D002-A629-4DDC-8E07-1905C1BD55C4}"
EndProject
Project("{FAE04EC0-301F-11D3-BF4B-00C04F79EFBC}") = "classworksssss", "OOP\classworksssss\classworksssss.csproj", "{3BFA73F5-7C90-420B-92C2-EF22C99944B5}"
EndProject
Project("{FAE04EC0-301F-11D3-BF4B-00C04F79EFBC}") = "cltask1", "OOP\cltask1\cltask1.csproj", "{C384EA3F-6A20-4519-B2A7-1A69A2D2F695}"
EndProject
Project("{FAE04EC0-301F-11D3-BF4B-00C04F79EFBC}") = "ConstructorFunction", "OOP\ConstructorFunction\ConstructorFunction.csproj", "{DC0C0368-02C4-4298-A0A4-4D660254C0EE}"
EndProject
Project("{FAE04EC0-301F-11D3-BF4B-00C04F79EFBC}") = "emp", "OOP\emp\emp.csproj", "{A1DEA6AB-51EA-410F-9177-E54D80DF7D83}"
EndProject
Project("{FAE04EC0-301F-11D3-BF4B-00C04F79EFBC}") = "EmpolyeeTable", "OOP\EmpolyeeTable\EmpolyeeTable.csproj", "{A6EEA736-B29F-45D4-AAC7-ACA7752B498E}"
EndProject
Project("{FAE04EC0-301F-11D3-BF4B-00C04F79EFBC}") = "Generic", "OOP\Generic\Generic.csproj", "{AD59C0DE-E0AC-4DC9-A8A8-E1EFB81C7916}"
EndProject
Project("{FAE04EC0-301F-11D3-BF4B-00C04F79EFBC}") = "Getters_And_Setters", "OOP\Getters_And_Setters\Getters_And_Setters.csproj", "{C5A24F74-76B3-402B-8EA2-F6AEA5E73A17}"
EndProject
Project("{FAE04EC0-301F-11D3-BF4B-00C04F79EFBC}") = "NewWorks1", "OOP\NewWorks1\NewWorks1.csproj", "{BF837C74-4B6F-4607-A470-8B5EBEA6D791}"
EndProject
Project("{FAE04EC0-301F-11D3-BF4B-00C04F79EFBC}") = "trainee", "OOP\trainee\trainee.csproj", "{9FDFB9CE-FFA3-48F3-875D-F7300E942405}"
EndProject
Project("{FAE04EC0-301F-11D3-BF4B-00C04F79EFBC}") = "EvidanceXm", "SampleProjects\1264623-EvidanceXm\EvidanceXm\EvidanceXm.csproj", "{F839BDFF-4357-4161-8279-23043975EC08}"
EndProject
Project("{FAE04EC0-301F-11D3-BF4B-00C04F79EFBC}") = "class122", "SampleProjects\class13\class122\class122.csproj", "{51E05403-2BF0-44B9-AF64-28F71CFC403C}"
EndProject
Project("{FAE04EC0-301F-11D3-BF4B-00C04F79EFBC}") = "class13", "SampleProjects\class13\class13.csproj", "{0A8D2269-FBB5-407B-B764-8B882983B049}"
EndProject
Project("{FAE04EC0-301F-11D3-BF4B-00C04F79EFBC}") = "class17_01", "SampleProjects\class13\class17_01\class17_01.csproj", "{EF4008E8-4573-47F6-868C-A9051D3671FB}"
EndProject
Project("{FAE04EC0-301F-11D3-BF4B-00C04F79EFBC}") = "Class17_03", "SampleProjects\class13\Class17_03\Class17_03.csproj", "{1387DC1C-D6D1-4F20-BBDA-9D4E79C1B7E0}"
EndProject
Project("{FAE04EC0-301F-11D3-BF4B-00C04F79EFBC}") = "class17clswork", "SampleProjects\class13\class17clswork\class17clswork.csproj", "{5246DDF4-BA95-4D05-98FA-57EFC57521A1}"
EndProject
Project("{FAE04EC0-301F-11D3-BF4B-00C04F79EFBC}") = "Class19_quary", "SampleProjects\class13\Class19_quary\Class19_quary.csproj", "{B7AD2F7C-06B7-44EB-B07A-20E0B8880083}"
EndProject
Project("{FAE04EC0-301F-11D3-BF4B-00C04F79EFBC}") = "cls123", "SampleProjects\class13\cls123\cls123.csproj", "{B4CFA25A-97C5-455C-A282-7A4A328B84ED}"
EndProject
Project("{FAE04EC0-301F-11D3-BF4B-00C04F79EFBC}") = "ConsoleClassssssss", "SampleProjects\class13\ConsoleClassssssss\ConsoleClassssssss.csproj", "{F5B403C4-B06D-4D02-AF7E-70A1FF5A1646}"
EndProject
Project("{FAE04EC0-301F-11D3-BF4B-00C04F79EFBC}") = "lclass141", "SampleProjects\class13\lclass141\lclass141.csproj", "{6C463761-F639-410C-A207-FBFFDF42FC79}"
EndProject
Project("{FAE04EC0-301F-11D3-BF4B-00C04F79EFBC}") = "PropertiesInheritance", "SampleProjects\class13\PropertiesInheritance\PropertiesInheritance.csproj", "{A71CB0FD-82A7-47B8-AF6A-B188EB53C011}"
EndProject
Project("{FAE04EC0-301F-11D3-BF4B-00C04F79EFBC}") = "triangle", "SampleProjects\class13\triangle\triangle.csproj", "{26AD74FD-3531-4613-90A8-C89D0CB7D5E7}"
EndProject
Project("{FAE04EC0-301F-11D3-BF4B-00C04F79EFBC}") = "WindowsFormsApp1", "SampleProjects\class13\WindowsFormsApp1\WindowsFormsApp1.csproj", "{B8D08D89-7719-4516-B5A4-7ED5CB89D6A7}"
EndProject
Project("{FAE04EC0-301F-11D3-BF4B-00C04F79EFBC}") = "WindowsFormsApp23", "SampleProjects\class13\WindowsFormsApp23\WindowsFormsApp23.csproj", "{B5FF9FC5-7C98-4AB4-BB46-199B793C8CA3}"
EndProject
Project("{FAE04EC0-301F-11D3-BF4B-00C04F79EFBC}") = "Game", "SampleProjects\Game\Game.csproj", "{0C0449A6-3A0D-41AF-BE27-93D797689EAD}"
EndProject
Project("{FAE04EC0-301F-11D3-BF4B-00C04F79EFBC}") = "vehicle", "SampleProjects\vehicle\vehicle.csproj", "{D8BA2E8F-6665-40F1-A0E1-D23BE441696A}"
EndProject
Global
	GlobalSection(SolutionConfigurationPlatforms) = preSolution
		Debug|Any CPU = Debug|Any CPU
		Release|Any CPU = Release|Any CPU
	EndGlobalSection
	GlobalSection(ProjectConfigurationPlatforms) = postSolution
		{1B70AF60-CC8F-42F2-8FED-4E6D793A6E01}.Debug|Any CPU.ActiveCfg = Debug|Any CPU
		{1B70AF60-CC8F-42F2-8FED-4E6D793A6E01}.Debug|Any CPU.Build.0 = Debug|Any CPU
		{1B70AF60-CC8F-42F2-8FED-4E6D793A6E01}.Release|Any CPU.ActiveCfg = Release|Any CPU
		{1B70AF60-CC8F-42F2-8FED-4E6D793A6E01}.Release|Any CPU.Build.0 = Release|Any CPU
		{F54B987F-415E-4601-B919-D3F27551CA41}.Debug|Any CPU.ActiveCfg = Debug|Any CPU
		{F54B987F-415E-4601-B919-D3F27551CA41}.Debug|Any CPU.Build.0 = Debug|Any CPU
		{F54B987F-415E-4601-B919-D3F27551CA41}.Release|Any CPU.ActiveCfg = Release|Any CPU
		{F54B987F-415E-4601-B919-D3F27551CA41}.Release|Any CPU.Build.0 = Release|Any CPU
		{B3FC0647-334C-4EA0-A689-897F20C69EF8}.Debug|Any CPU.ActiveCfg = Debug|Any CPU
		{B3FC0647-334C-4EA0-A689-897F20C69EF8}.Debug|Any CPU.Build.0 = Debug|Any CPU
		{B3FC0647-334C-4EA0-A689-897F20C69EF8}.Release|Any CPU.ActiveCfg = Release|Any CPU
		{B3FC0647-334C-4EA0-A689-897F20C69EF8}.Release|Any CPU.Build.0 = Release|Any CPU
		{C4EE64AE-BE92-408C-A855-799CEF8C9778}.Debug|Any CPU.ActiveCfg = Debug|Any CPU
		{C4EE64AE-BE92-408C-A855-799CEF8C9778}.Debug|Any CPU.Build.0 = Debug|Any CPU
		{C4EE64AE-BE92-408C-A855-799CEF8C9778}.Release|Any CPU.ActiveCfg = Release|Any CPU
		{C4EE64AE-BE92-408C-A855-799CEF8C9778}.Release|Any CPU.Build.0 = Release|Any CPU
		{72CF0AC7-6C00-4807-A2A3-036EEF17178B}.Debug|Any CPU.ActiveCfg = Debug|Any CPU
		{72CF0AC7-6C00-4807-A2A3-036EEF17178B}.Debug|Any CPU.Build.0 = Debug|Any CPU
		{72CF0AC7-6C00-4807-A2A3-036EEF17178B}.Release|Any CPU.ActiveCfg = Release|Any CPU
		{72CF0AC7-6C00-4807-A2A3-036EEF17178B}.Release|Any CPU.Build.0 = Release|Any CPU
		{9C6E8207-5FF1-4DCB-A30D-B285F45358AE}.Debug|Any CPU.ActiveCfg = Debug|Any CPU
		{9C6E8207-5FF1-4DCB-A30D-B285F45358AE}.Debug|Any CPU.Build.0 = Debug|Any CPU
		{9C6E8207-5FF1-4DCB-A30D-B285F45358AE}.Release|Any CPU.ActiveCfg = Release|Any CPU
		{9C6E8207-5FF1-4DCB-A30D-B285F45358AE}.Release|Any CPU.Build.0 = Release|Any CPU
		{D3E52CAF-35D2-4F89-AAEA-6115AABFED22}.Debug|Any CPU.ActiveCfg = Debug|Any CPU
		{D3E52CAF-35D2-4F89-AAEA-6115AABFED22}.Debug|Any CPU.Build.0 = Debug|Any CPU
		{D3E52CAF-35D2-4F89-AAEA-6115AABFED22}.Release|Any CPU.ActiveCfg = Release|Any CPU
		{D3E52CAF-35D2-4F89-AAEA-6115AABFED22}.Release|Any CPU.Build.0 = Release|Any CPU
		{2A2EAC30-A7C1-4C60-BD8D-0ECEB0103C30}.Debug|Any CPU.ActiveCfg = Debug|Any CPU
		{2A2EAC30-A7C1-4C60-BD8D-0ECEB0103C30}.Debug|Any CPU.Build.0 = Debug|Any CPU
		{2A2EAC30-A7C1-4C60-BD8D-0ECEB0103C30}.Release|Any CPU.ActiveCfg = Release|Any CPU
		{2A2EAC30-A7C1-4C60-BD8D-0ECEB0103C30}.Release|Any CPU.Build.0 = Release|Any CPU
		{87004B59-7D86-4E34-9B8F-5379A1760264}.Debug|Any CPU.ActiveCfg = Debug|Any CPU
		{87004B59-7D86-4E34-9B8F-5379A1760264}.Debug|Any CPU.Build.0 = Debug|Any CPU
		{87004B59-7D86-4E34-9B8F-5379A1760264}.Release|Any CPU.ActiveCfg = Release|Any CPU
		{87004B59-7D86-4E34-9B8F-5379A1760264}.Release|Any CPU.Build.0 = Release|Any CPU
		{4A874940-9AA9-4B64-ADB3-9907BE8CF8CA}.Debug|Any CPU.ActiveCfg = Debug|Any CPU
		{4A874940-9AA9-4B64-ADB3-9907BE8CF8CA}.Debug|Any CPU.Build.0 = Debug|Any CPU
		{4A874940-9AA9-4B64-ADB3-9907BE8CF8CA}.Release|Any CPU.ActiveCfg = Release|Any CPU
		{4A874940-9AA9-4B64-ADB3-9907BE8CF8CA}.Release|Any CPU.Build.0 = Release|Any CPU
		{B8E3932B-04C0-4114-896A-E9CE21F648E2}.Debug|Any CPU.ActiveCfg = Debug|Any CPU
		{B8E3932B-04C0-4114-896A-E9CE21F648E2}.Debug|Any CPU.Build.0 = Debug|Any CPU
		{B8E3932B-04C0-4114-896A-E9CE21F648E2}.Release|Any CPU.ActiveCfg = Release|Any CPU
		{B8E3932B-04C0-4114-896A-E9CE21F648E2}.Release|Any CPU.Build.0 = Release|Any CPU
		{817913BE-DB10-4EDB-9B8D-5B3B097D932C}.Debug|Any CPU.ActiveCfg = Debug|Any CPU
		{817913BE-DB10-4EDB-9B8D-5B3B097D932C}.Debug|Any CPU.Build.0 = Debug|Any CPU
		{817913BE-DB10-4EDB-9B8D-5B3B097D932C}.Release|Any CPU.ActiveCfg = Release|Any CPU
		{817913BE-DB10-4EDB-9B8D-5B3B097D932C}.Release|Any CPU.Build.0 = Release|Any CPU
		{5B6E6BE7-0774-40DD-BC5A-7B9920A528D2}.Debug|Any CPU.ActiveCfg = Debug|Any CPU
		{5B6E6BE7-0774-40DD-BC5A-7B9920A528D2}.Debug|Any CPU.Build.0 = Debug|Any CPU
		{5B6E6BE7-0774-40DD-BC5A-7B9920A528D2}.Release|Any CPU.ActiveCfg = Release|Any CPU
		{5B6E6BE7-0774-40DD-BC5A-7B9920A528D2}.Release|Any CPU.Build.0 = Release|Any CPU
		{BDFF3243-BA08-4F85-B841-C04552FC4730}.Debug|Any CPU.ActiveCfg = Debug|Any CPU
		{BDFF3243-BA08-4F85-B841-C04552FC4730}.Debug|Any CPU.Build.0 = Debug|Any CPU
		{BDFF3243-BA08-4F85-B841-C04552FC4730}.Release|Any CPU.ActiveCfg = Release|Any CPU
		{BDFF3243-BA08-4F85-B841-C04552FC4730}.Release|Any CPU.Build.0 = Release|Any CPU
		{382F2917-E0B9-4787-8C3E-F1DAD401481D}.Debug|Any CPU.ActiveCfg = Debug|Any CPU
		{382F2917-E0B9-4787-8C3E-F1DAD401481D}.Debug|Any CPU.Build.0 = Debug|Any CPU
		{382F2917-E0B9-4787-8C3E-F1DAD401481D}.Release|Any CPU.ActiveCfg = Release|Any CPU
		{382F2917-E0B9-4787-8C3E-F1DAD401481D}.Release|Any CPU.Build.0 = Release|Any CPU
		{078ACDD4-C65A-4C0C-8911-9DC1D0A7B1FD}.Debug|Any CPU.ActiveCfg = Debug|Any CPU
		{078ACDD4-C65A-4C0C-8911-9DC1D0A7B1FD}.Debug|Any CPU.Build.0 = Debug|Any CPU
		{078ACDD4-C65A-4C0C-8911-9DC1D0A7B1FD}.Release|Any CPU.ActiveCfg = Release|Any CPU
		{078ACDD4-C65A-4C0C-8911-9DC1D0A7B1FD}.Release|Any CPU.Build.0 = Release|Any CPU
		{E952CBD5-04B0-4F82-B7F2-88E1E2F0B4F7}.Debug|Any CPU.ActiveCfg = Debug|Any CPU
		{E952CBD5-04B0-4F82-B7F2-88E1E2F0B4F7}.Debug|Any CPU.Build.0 = Debug|Any CPU
		{E952CBD5-04B0-4F82-B7F2-88E1E2F0B4F7}.Release|Any CPU.ActiveCfg = Release|Any CPU
		{E952CBD5-04B0-4F82-B7F2-88E1E2F0B4F7}.Release|Any CPU.Build.0 = Release|Any CPU
		{B086FD72-76CF-4F7B-86C6-ECC2847F0EA6}.Debug|Any CPU.ActiveCfg = Debug|Any CPU
		{B086FD72-76CF-4F7B-86C6-ECC2847F0EA6}.Debug|Any CPU.Build.0 = Debug|Any CPU
		{B086FD72-76CF-4F7B-86C6-ECC2847F0EA6}.Release|Any CPU.ActiveCfg = Release|Any CPU
		{B086FD72-76CF-4F7B-86C6-ECC2847F0EA6}.Release|Any CPU.Build.0 = Release|Any CPU
		{D121B56C-09BD-4C2A-9D30-74EBCB9B687D}.Debug|Any CPU.ActiveCfg = Debug|Any CPU
		{D121B56C-09BD-4C2A-9D30-74EBCB9B687D}.Debug|Any CPU.Build.0 = Debug|Any CPU
		{D121B56C-09BD-4C2A-9D30-74EBCB9B687D}.Release|Any CPU.ActiveCfg = Release|Any CPU
		{D121B56C-09BD-4C2A-9D30-74EBCB9B687D}.Release|Any CPU.Build.0 = Release|Any CPU
		{C192C170-5BA9-4222-8A5B-5971E0639D35}.Debug|Any CPU.ActiveCfg = Debug|Any CPU
		{C192C170-5BA9-4222-8A5B-5971E0639D35}.Debug|Any CPU.Build.0 = Debug|Any CPU
		{C192C170-5BA9-4222-8A5B-5971E0639D35}.Release|Any CPU.ActiveCfg = Release|Any CPU
		{C192C170-5BA9-4222-8A5B-5971E0639D35}.Release|Any CPU.Build.0 = Release|Any CPU
		{FE8807E2-A2CC-42EC-9648-A74B0EBE3AA7}.Debug|Any CPU.ActiveCfg = Debug|Any CPU
		{FE8807E2-A2CC-42EC-9648-A74B0EBE3AA7}.Debug|Any CPU.Build.0 = Debug|Any CPU
		{FE8807E2-A2CC-42EC-9648-A74B0EBE3AA7}.Release|Any CPU.ActiveCfg = Release|Any CPU
		{FE8807E2-A2CC-42EC-9648-A74B0EBE3AA7}.Release|Any CPU.Build.0 = Release|Any CPU
		{896C11CE-8807-48FB-A12E-78241E891CB1}.Debug|Any CPU.ActiveCfg = Debug|Any CPU
		{896C11CE-8807-48FB-A12E-78241E891CB1}.Debug|Any CPU.Build.0 = Debug|Any CPU
		{896C11CE-8807-48FB-A12E-78241E891CB1}.Release|Any CPU.ActiveCfg = Release|Any CPU
		{896C11CE-8807-48FB-A12E-78241E891CB1}.Release|Any CPU.Build.0 = Release|Any CPU
		{9140DD06-49C3-40D9-906C-9E3556433A36}.Debug|Any CPU.ActiveCfg = Debug|Any CPU
		{9140DD06-49C3-40D9-906C-9E3556433A36}.Debug|Any CPU.Build.0 = Debug|Any CPU
		{9140DD06-49C3-40D9-906C-9E3556433A36}.Release|Any CPU.ActiveCfg = Release|Any CPU
		{9140DD06-49C3-40D9-906C-9E3556433A36}.Release|Any CPU.Build.0 = Release|Any CPU
		{0B0BE4ED-3F16-439E-BE2D-29AA98CBCC4A}.Debug|Any CPU.ActiveCfg = Debug|Any CPU
		{0B0BE4ED-3F16-439E-BE2D-29AA98CBCC4A}.Debug|Any CPU.Build.0 = Debug|Any CPU
		{0B0BE4ED-3F16-439E-BE2D-29AA98CBCC4A}.Release|Any CPU.ActiveCfg = Release|Any CPU
		{0B0BE4ED-3F16-439E-BE2D-29AA98CBCC4A}.Release|Any CPU.Build.0 = Release|Any CPU
		{E03D74C4-36F3-4E34-A3CD-04F430CBD254}.Debug|Any CPU.ActiveCfg = Debug|Any CPU
		{E03D74C4-36F3-4E34-A3CD-04F430CBD254}.Debug|Any CPU.Build.0 = Debug|Any CPU
		{E03D74C4-36F3-4E34-A3CD-04F430CBD254}.Release|Any CPU.ActiveCfg = Release|Any CPU
		{E03D74C4-36F3-4E34-A3CD-04F430CBD254}.Release|Any CPU.Build.0 = Release|Any CPU
		{DAD0E5B1-1E97-493A-A254-BC8E7AF4FF53}.Debug|Any CPU.ActiveCfg = Debug|Any CPU
		{DAD0E5B1-1E97-493A-A254-BC8E7AF4FF53}.Debug|Any CPU.Build.0 = Debug|Any CPU
		{DAD0E5B1-1E97-493A-A254-BC8E7AF4FF53}.Release|Any CPU.ActiveCfg = Release|Any CPU
		{DAD0E5B1-1E97-493A-A254-BC8E7AF4FF53}.Release|Any CPU.Build.0 = Release|Any CPU
		{BE28C130-D9D2-4B25-8DDE-98E099990882}.Debug|Any CPU.ActiveCfg = Debug|Any CPU
		{BE28C130-D9D2-4B25-8DDE-98E099990882}.Debug|Any CPU.Build.0 = Debug|Any CPU
		{BE28C130-D9D2-4B25-8DDE-98E099990882}.Release|Any CPU.ActiveCfg = Release|Any CPU
		{BE28C130-D9D2-4B25-8DDE-98E099990882}.Release|Any CPU.Build.0 = Release|Any CPU
		{3C1ED753-B203-453C-B363-6401C793BEEE}.Debug|Any CPU.ActiveCfg = Debug|Any CPU
		{3C1ED753-B203-453C-B363-6401C793BEEE}.Debug|Any CPU.Build.0 = Debug|Any CPU
		{3C1ED753-B203-453C-B363-6401C793BEEE}.Release|Any CPU.ActiveCfg = Release|Any CPU
		{3C1ED753-B203-453C-B363-6401C793BEEE}.Release|Any CPU.Build.0 = Release|Any CPU
		{EE4C738F-76EA-4835-B92B-746AEBEA0013}.Debug|Any CPU.ActiveCfg = Debug|Any CPU
		{EE4C738F-76EA-4835-B92B-746AEBEA0013}.Debug|Any CPU.Build.0 = Debug|Any CPU
		{EE4C738F-76EA-4835-B92B-746AEBEA0013}.Release|Any CPU.ActiveCfg = Release|Any CPU
		{EE4C738F-76EA-4835-B92B-746AEBEA0013}.Release|Any CPU.Build.0 = Release|Any CPU
		{CB09B70C-BC1B-4683-9FD4-2E0C998690DB}.Debug|Any CPU.ActiveCfg = Debug|Any CPU
		{CB09B70C-BC1B-4683-9FD4-2E0C998690DB}.Debug|Any CPU.Build.0 = Debug|Any CPU
		{CB09B70C-BC1B-4683-9FD4-2E0C998690DB}.Release|Any CPU.ActiveCfg = Release|Any CPU
		{CB09B70C-BC1B-4683-9FD4-2E0C998690DB}.Release|Any CPU.Build.0 = Release|Any CPU
		{56B31DE9-AF55-454F-82A2-C049DF0F14E9}.Debug|Any CPU.ActiveCfg = Debug|Any CPU
		{56B31DE9-AF55-454F-82A2-C049DF0F14E9}.Debug|Any CPU.Build.0 = Debug|Any CPU
		{56B31DE9-AF55-454F-82A2-C049DF0F14E9}.Release|Any CPU.ActiveCfg = Release|Any CPU
		{56B31DE9-AF55-454F-82A2-C049DF0F14E9}.Release|Any CPU.Build.0 = Release|Any CPU
		{0082B57E-1A29-463D-B1F3-B1B64284FE55}.Debug|Any CPU.ActiveCfg = Debug|Any CPU
		{0082B57E-1A29-463D-B1F3-B1B64284FE55}.Debug|Any CPU.Build.0 = Debug|Any CPU
		{0082B57E-1A29-463D-B1F3-B1B64284FE55}.Release|Any CPU.ActiveCfg = Release|Any CPU
		{0082B57E-1A29-463D-B1F3-B1B64284FE55}.Release|Any CPU.Build.0 = Release|Any CPU
		{4B7617C9-FF67-46FC-A540-17E84ECBCAC7}.Debug|Any CPU.ActiveCfg = Debug|Any CPU
		{4B7617C9-FF67-46FC-A540-17E84ECBCAC7}.Debug|Any CPU.Build.0 = Debug|Any CPU
		{4B7617C9-FF67-46FC-A540-17E84ECBCAC7}.Release|Any CPU.ActiveCfg = Release|Any CPU
		{4B7617C9-FF67-46FC-A540-17E84ECBCAC7}.Release|Any CPU.Build.0 = Release|Any CPU
		{B67EA053-29F7-4BF5-A03E-A81A5B9DAAAA}.Debug|Any CPU.ActiveCfg = Debug|Any CPU
		{B67EA053-29F7-4BF5-A03E-A81A5B9DAAAA}.Debug|Any CPU.Build.0 = Debug|Any CPU
		{B67EA053-29F7-4BF5-A03E-A81A5B9DAAAA}.Release|Any CPU.ActiveCfg = Release|Any CPU
		{B67EA053-29F7-4BF5-A03E-A81A5B9DAAAA}.Release|Any CPU.Build.0 = Release|Any CPU
		{336B54DD-CCB7-4D45-80EF-2EBD6CAE71BA}.Debug|Any CPU.ActiveCfg = Debug|Any CPU
		{336B54DD-CCB7-4D45-80EF-2EBD6CAE71BA}.Debug|Any CPU.Build.0 = Debug|Any CPU
		{336B54DD-CCB7-4D45-80EF-2EBD6CAE71BA}.Release|Any CPU.ActiveCfg = Release|Any CPU
		{336B54DD-CCB7-4D45-80EF-2EBD6CAE71BA}.Release|Any CPU.Build.0 = Release|Any CPU
		{052B7CCF-4C58-413A-AA7C-8B351220070A}.Debug|Any CPU.ActiveCfg = Debug|Any CPU
		{052B7CCF-4C58-413A-AA7C-8B351220070A}.Debug|Any CPU.Build.0 = Debug|Any CPU
		{052B7CCF-4C58-413A-AA7C-8B351220070A}.Release|Any CPU.ActiveCfg = Release|Any CPU
		{052B7CCF-4C58-413A-AA7C-8B351220070A}.Release|Any CPU.Build.0 = Release|Any CPU
		{94B5081E-AF37-4CF2-987D-0E8F2BCAE566}.Debug|Any CPU.ActiveCfg = Debug|Any CPU
		{94B5081E-AF37-4CF2-987D-0E8F2BCAE566}.Debug|Any CPU.Build.0 = Debug|Any CPU
		{94B5081E-AF37-4CF2-987D-0E8F2BCAE566}.Release|Any CPU.ActiveCfg = Release|Any CPU
		{94B5081E-AF37-4CF2-987D-0E8F2BCAE566}.Release|Any CPU.Build.0 = Release|Any CPU
		{DA41E06A-C69E-455D-99DE-F09859A03FB4}.Debug|Any CPU.ActiveCfg = Debug|Any CPU
		{DA41E06A-C69E-455D-99DE-F09859A03FB4}.Debug|Any CPU.Build.0 = Debug|Any CPU
		{DA41E06A-C69E-455D-99DE-F09859A03FB4}.Release|Any CPU.ActiveCfg = Release|Any CPU
		{DA41E06A-C69E-455D-99DE-F09859A03FB4}.Release|Any CPU.Build.0 = Release|Any CPU
		{E32A149F-AA5D-46C6-AE41-3070753EF501}.Debug|Any CPU.ActiveCfg = Debug|Any CPU
		{E32A149F-AA5D-46C6-AE41-3070753EF501}.Debug|Any CPU.Build.0 = Debug|Any CPU
		{E32A149F-AA5D-46C6-AE41-3070753EF501}.Release|Any CPU.ActiveCfg = Release|Any CPU
		{E32A149F-AA5D-46C6-AE41-3070753EF501}.Release|Any CPU.Build.0 = Release|Any CPU
		{FDC051AD-16C3-4BA4-86D4-F5D57481AF7A}.Debug|Any CPU.ActiveCfg = Debug|Any CPU
		{FDC051AD-16C3-4BA4-86D4-F5D57481AF7A}.Debug|Any CPU.Build.0 = Debug|Any CPU
		{FDC051AD-16C3-4BA4-86D4-F5D57481AF7A}.Release|Any CPU.ActiveCfg = Release|Any CPU
		{FDC051AD-16C3-4BA4-86D4-F5D57481AF7A}.Release|Any CPU.Build.0 = Release|Any CPU
		{58047A09-F074-4B7C-94C1-152AAA328272}.Debug|Any CPU.ActiveCfg = Debug|Any CPU
		{58047A09-F074-4B7C-94C1-152AAA328272}.Debug|Any CPU.Build.0 = Debug|Any CPU
		{58047A09-F074-4B7C-94C1-152AAA328272}.Release|Any CPU.ActiveCfg = Release|Any CPU
		{58047A09-F074-4B7C-94C1-152AAA328272}.Release|Any CPU.Build.0 = Release|Any CPU
		{0F1DF737-DA95-413F-93B4-696FD58D20A9}.Debug|Any CPU.ActiveCfg = Debug|Any CPU
		{0F1DF737-DA95-413F-93B4-696FD58D20A9}.Debug|Any CPU.Build.0 = Debug|Any CPU
		{0F1DF737-DA95-413F-93B4-696FD58D20A9}.Release|Any CPU.ActiveCfg = Release|Any CPU
		{0F1DF737-DA95-413F-93B4-696FD58D20A9}.Release|Any CPU.Build.0 = Release|Any CPU
		{70323A58-4689-454C-A36E-A9F549477087}.Debug|Any CPU.ActiveCfg = Debug|Any CPU
		{70323A58-4689-454C-A36E-A9F549477087}.Debug|Any CPU.Build.0 = Debug|Any CPU
		{70323A58-4689-454C-A36E-A9F549477087}.Release|Any CPU.ActiveCfg = Release|Any CPU
		{70323A58-4689-454C-A36E-A9F549477087}.Release|Any CPU.Build.0 = Release|Any CPU
		{DFB10037-5158-4B02-BADC-A9619CD4E4E1}.Debug|Any CPU.ActiveCfg = Debug|Any CPU
		{DFB10037-5158-4B02-BADC-A9619CD4E4E1}.Debug|Any CPU.Build.0 = Debug|Any CPU
		{DFB10037-5158-4B02-BADC-A9619CD4E4E1}.Release|Any CPU.ActiveCfg = Release|Any CPU
		{DFB10037-5158-4B02-BADC-A9619CD4E4E1}.Release|Any CPU.Build.0 = Release|Any CPU
		{167BDC3B-B6B8-4C21-867E-F2A568FA2914}.Debug|Any CPU.ActiveCfg = Debug|Any CPU
		{167BDC3B-B6B8-4C21-867E-F2A568FA2914}.Debug|Any CPU.Build.0 = Debug|Any CPU
		{167BDC3B-B6B8-4C21-867E-F2A568FA2914}.Release|Any CPU.ActiveCfg = Release|Any CPU
		{167BDC3B-B6B8-4C21-867E-F2A568FA2914}.Release|Any CPU.Build.0 = Release|Any CPU
		{AF986B68-5ED9-4FAA-AFC7-EAA141013399}.Debug|Any CPU.ActiveCfg = Debug|Any CPU
		{AF986B68-5ED9-4FAA-AFC7-EAA141013399}.Debug|Any CPU.Build.0 = Debug|Any CPU
		{AF986B68-5ED9-4FAA-AFC7-EAA141013399}.Release|Any CPU.ActiveCfg = Release|Any CPU
		{AF986B68-5ED9-4FAA-AFC7-EAA141013399}.Release|Any CPU.Build.0 = Release|Any CPU
		{2DDF28BB-5AE5-4F51-B671-C949E735A374}.Debug|Any CPU.ActiveCfg = Debug|Any CPU
		{2DDF28BB-5AE5-4F51-B671-C949E735A374}.Debug|Any CPU.Build.0 = Debug|Any CPU
		{2DDF28BB-5AE5-4F51-B671-C949E735A374}.Release|Any CPU.ActiveCfg = Release|Any CPU
		{2DDF28BB-5AE5-4F51-B671-C949E735A374}.Release|Any CPU.Build.0 = Release|Any CPU
		{ACE7C908-7FD6-4365-94A7-1258FCC9623E}.Debug|Any CPU.ActiveCfg = Debug|Any CPU
		{ACE7C908-7FD6-4365-94A7-1258FCC9623E}.Debug|Any CPU.Build.0 = Debug|Any CPU
		{ACE7C908-7FD6-4365-94A7-1258FCC9623E}.Release|Any CPU.ActiveCfg = Release|Any CPU
		{ACE7C908-7FD6-4365-94A7-1258FCC9623E}.Release|Any CPU.Build.0 = Release|Any CPU
		{EA85DA8B-BD95-46B1-81F8-4A403502E9B7}.Debug|Any CPU.ActiveCfg = Debug|Any CPU
		{EA85DA8B-BD95-46B1-81F8-4A403502E9B7}.Debug|Any CPU.Build.0 = Debug|Any CPU
		{EA85DA8B-BD95-46B1-81F8-4A403502E9B7}.Release|Any CPU.ActiveCfg = Release|Any CPU
		{EA85DA8B-BD95-46B1-81F8-4A403502E9B7}.Release|Any CPU.Build.0 = Release|Any CPU
		{7C2CA8AD-A6B0-4A44-93AA-B3A2015408D5}.Debug|Any CPU.ActiveCfg = Debug|Any CPU
		{7C2CA8AD-A6B0-4A44-93AA-B3A2015408D5}.Debug|Any CPU.Build.0 = Debug|Any CPU
		{7C2CA8AD-A6B0-4A44-93AA-B3A2015408D5}.Release|Any CPU.ActiveCfg = Release|Any CPU
		{7C2CA8AD-A6B0-4A44-93AA-B3A2015408D5}.Release|Any CPU.Build.0 = Release|Any CPU
		{385C67CC-080D-44D7-AA95-1761F5D21A81}.Debug|Any CPU.ActiveCfg = Debug|Any CPU
		{385C67CC-080D-44D7-AA95-1761F5D21A81}.Debug|Any CPU.Build.0 = Debug|Any CPU
		{385C67CC-080D-44D7-AA95-1761F5D21A81}.Release|Any CPU.ActiveCfg = Release|Any CPU
		{385C67CC-080D-44D7-AA95-1761F5D21A81}.Release|Any CPU.Build.0 = Release|Any CPU
		{25FE01D3-F20B-4417-AEB0-A0E6D7B0C86B}.Debug|Any CPU.ActiveCfg = Debug|Any CPU
		{25FE01D3-F20B-4417-AEB0-A0E6D7B0C86B}.Debug|Any CPU.Build.0 = Debug|Any CPU
		{25FE01D3-F20B-4417-AEB0-A0E6D7B0C86B}.Release|Any CPU.ActiveCfg = Release|Any CPU
		{25FE01D3-F20B-4417-AEB0-A0E6D7B0C86B}.Release|Any CPU.Build.0 = Release|Any CPU
		{E143057B-A652-4B4C-BB73-210CD03C672F}.Debug|Any CPU.ActiveCfg = Debug|Any CPU
		{E143057B-A652-4B4C-BB73-210CD03C672F}.Debug|Any CPU.Build.0 = Debug|Any CPU
		{E143057B-A652-4B4C-BB73-210CD03C672F}.Release|Any CPU.ActiveCfg = Release|Any CPU
		{E143057B-A652-4B4C-BB73-210CD03C672F}.Release|Any CPU.Build.0 = Release|Any CPU
		{012D40AD-5C62-40A2-AD3C-87B2DDCC006C}.Debug|Any CPU.ActiveCfg = Debug|Any CPU
		{012D40AD-5C62-40A2-AD3C-87B2DDCC006C}.Debug|Any CPU.Build.0 = Debug|Any CPU
		{012D40AD-5C62-40A2-AD3C-87B2DDCC006C}.Release|Any CPU.ActiveCfg = Release|Any CPU
		{012D40AD-5C62-40A2-AD3C-87B2DDCC006C}.Release|Any CPU.Build.0 = Release|Any CPU
		{DE8D1641-C243-4065-AE45-E0754505A023}.Debug|Any CPU.ActiveCfg = Debug|Any CPU
		{DE8D1641-C243-4065-AE45-E0754505A023}.Debug|Any CPU.Build.0 = Debug|Any CPU
		{DE8D1641-C243-4065-AE45-E0754505A023}.Release|Any CPU.ActiveCfg = Release|Any CPU
		{DE8D1641-C243-4065-AE45-E0754505A023}.Release|Any CPU.Build.0 = Release|Any CPU
		{ACE10C87-43A6-48E3-9B6A-9C8721F2E421}.Debug|Any CPU.ActiveCfg = Debug|Any CPU
		{ACE10C87-43A6-48E3-9B6A-9C8721F2E421}.Debug|Any CPU.Build.0 = Debug|Any CPU
		{ACE10C87-43A6-48E3-9B6A-9C8721F2E421}.Release|Any CPU.ActiveCfg = Release|Any CPU
		{ACE10C87-43A6-48E3-9B6A-9C8721F2E421}.Release|Any CPU.Build.0 = Release|Any CPU
		{61F8E38B-A986-4CB5-A8F9-1F55F0CC36D6}.Debug|Any CPU.ActiveCfg = Debug|Any CPU
		{61F8E38B-A986-4CB5-A8F9-1F55F0CC36D6}.Debug|Any CPU.Build.0 = Debug|Any CPU
		{61F8E38B-A986-4CB5-A8F9-1F55F0CC36D6}.Release|Any CPU.ActiveCfg = Release|Any CPU
		{61F8E38B-A986-4CB5-A8F9-1F55F0CC36D6}.Release|Any CPU.Build.0 = Release|Any CPU
		{F837E0E6-7F0A-43D9-8D70-697F4383E8A9}.Debug|Any CPU.ActiveCfg = Debug|Any CPU
		{F837E0E6-7F0A-43D9-8D70-697F4383E8A9}.Debug|Any CPU.Build.0 = Debug|Any CPU
		{F837E0E6-7F0A-43D9-8D70-697F4383E8A9}.Release|Any CPU.ActiveCfg = Release|Any CPU
		{F837E0E6-7F0A-43D9-8D70-697F4383E8A9}.Release|Any CPU.Build.0 = Release|Any CPU
		{603A533D-96D9-476A-A944-976E11D16DB7}.Debug|Any CPU.ActiveCfg = Debug|Any CPU
		{603A533D-96D9-476A-A944-976E11D16DB7}.Debug|Any CPU.Build.0 = Debug|Any CPU
		{603A533D-96D9-476A-A944-976E11D16DB7}.Release|Any CPU.ActiveCfg = Release|Any CPU
		{603A533D-96D9-476A-A944-976E11D16DB7}.Release|Any CPU.Build.0 = Release|Any CPU
		{6E31649D-1E44-4E44-A2CA-7EA6C81C6E88}.Debug|Any CPU.ActiveCfg = Debug|Any CPU
		{6E31649D-1E44-4E44-A2CA-7EA6C81C6E88}.Debug|Any CPU.Build.0 = Debug|Any CPU
		{6E31649D-1E44-4E44-A2CA-7EA6C81C6E88}.Release|Any CPU.ActiveCfg = Release|Any CPU
		{6E31649D-1E44-4E44-A2CA-7EA6C81C6E88}.Release|Any CPU.Build.0 = Release|Any CPU
		{80E86444-AA8D-45BE-AC43-4EF55C3F30A8}.Debug|Any CPU.ActiveCfg = Debug|Any CPU
		{80E86444-AA8D-45BE-AC43-4EF55C3F30A8}.Debug|Any CPU.Build.0 = Debug|Any CPU
		{80E86444-AA8D-45BE-AC43-4EF55C3F30A8}.Release|Any CPU.ActiveCfg = Release|Any CPU
		{80E86444-AA8D-45BE-AC43-4EF55C3F30A8}.Release|Any CPU.Build.0 = Release|Any CPU
		{34E15A22-8F64-4311-A813-B7104522E627}.Debug|Any CPU.ActiveCfg = Debug|Any CPU
		{34E15A22-8F64-4311-A813-B7104522E627}.Debug|Any CPU.Build.0 = Debug|Any CPU
		{34E15A22-8F64-4311-A813-B7104522E627}.Release|Any CPU.ActiveCfg = Release|Any CPU
		{34E15A22-8F64-4311-A813-B7104522E627}.Release|Any CPU.Build.0 = Release|Any CPU
		{7685118D-7C36-4B18-AAEF-AABDA575384F}.Debug|Any CPU.ActiveCfg = Debug|Any CPU
		{7685118D-7C36-4B18-AAEF-AABDA575384F}.Debug|Any CPU.Build.0 = Debug|Any CPU
		{7685118D-7C36-4B18-AAEF-AABDA575384F}.Release|Any CPU.ActiveCfg = Release|Any CPU
		{7685118D-7C36-4B18-AAEF-AABDA575384F}.Release|Any CPU.Build.0 = Release|Any CPU
		{C0F3B1E8-7313-49AA-AA00-8E3D697A6525}.Debug|Any CPU.ActiveCfg = Debug|Any CPU
		{C0F3B1E8-7313-49AA-AA00-8E3D697A6525}.Debug|Any CPU.Build.0 = Debug|Any CPU
		{C0F3B1E8-7313-49AA-AA00-8E3D697A6525}.Release|Any CPU.ActiveCfg = Release|Any CPU
		{C0F3B1E8-7313-49AA-AA00-8E3D697A6525}.Release|Any CPU.Build.0 = Release|Any CPU
		{9844D8F1-C990-4846-ABDA-16AB40386623}.Debug|Any CPU.ActiveCfg = Debug|Any CPU
		{9844D8F1-C990-4846-ABDA-16AB40386623}.Debug|Any CPU.Build.0 = Debug|Any CPU
		{9844D8F1-C990-4846-ABDA-16AB40386623}.Release|Any CPU.ActiveCfg = Release|Any CPU
		{9844D8F1-C990-4846-ABDA-16AB40386623}.Release|Any CPU.Build.0 = Release|Any CPU
		{E6CE25A3-6DAE-4EE9-86FA-8A8291969D0E}.Debug|Any CPU.ActiveCfg = Debug|Any CPU
		{E6CE25A3-6DAE-4EE9-86FA-8A8291969D0E}.Debug|Any CPU.Build.0 = Debug|Any CPU
		{E6CE25A3-6DAE-4EE9-86FA-8A8291969D0E}.Release|Any CPU.ActiveCfg = Release|Any CPU
		{E6CE25A3-6DAE-4EE9-86FA-8A8291969D0E}.Release|Any CPU.Build.0 = Release|Any CPU
		{4D198787-EABA-405F-A98B-BEB729E7756A}.Debug|Any CPU.ActiveCfg = Debug|Any CPU
		{4D198787-EABA-405F-A98B-BEB729E7756A}.Debug|Any CPU.Build.0 = Debug|Any CPU
		{4D198787-EABA-405F-A98B-BEB729E7756A}.Release|Any CPU.ActiveCfg = Release|Any CPU
		{4D198787-EABA-405F-A98B-BEB729E7756A}.Release|Any CPU.Build.0 = Release|Any CPU
		{8DE3D002-A629-4DDC-8E07-1905C1BD55C4}.Debug|Any CPU.ActiveCfg = Debug|Any CPU
		{8DE3D002-A629-4DDC-8E07-1905C1BD55C4}.Debug|Any CPU.Build.0 = Debug|Any CPU
		{8DE3D002-A629-4DDC-8E07-1905C1BD55C4}.Release|Any CPU.ActiveCfg = Release|Any CPU
		{8DE3D002-A629-4DDC-8E07-1905C1BD55C4}.Release|Any CPU.Build.0 = Release|Any CPU
		{3BFA73F5-7C90-420B-92C2-EF22C99944B5}.Debug|Any CPU.ActiveCfg = Debug|Any CPU
		{3BFA73F5-7C90-420B-92C2-EF22C99944B5}.Debug|Any CPU.Build.0 = Debug|Any CPU
		{3BFA73F5-7C90-420B-92C2-EF22C99944B5}.Release|Any CPU.ActiveCfg = Release|Any CPU
		{3BFA73F5-7C90-420B-92C2-EF22C99944B5}.Release|Any CPU.Build.0 = Release|Any CPU
		{C384EA3F-6A20-4519-B2A7-1A69A2D2F695}.Debug|Any CPU.ActiveCfg = Debug|Any CPU
		{C384EA3F-6A20-4519-B2A7-1A69A2D2F695}.Debug|Any CPU.Build.0 = Debug|Any CPU
		{C384EA3F-6A20-4519-B2A7-1A69A2D2F695}.Release|Any CPU.ActiveCfg = Release|Any CPU
		{C384EA3F-6A20-4519-B2A7-1A69A2D2F695}.Release|Any CPU.Build.0 = Release|Any CPU
		{DC0C0368-02C4-4298-A0A4-4D660254C0EE}.Debug|Any CPU.ActiveCfg = Debug|Any CPU
		{DC0C0368-02C4-4298-A0A4-4D660254C0EE}.Debug|Any CPU.Build.0 = Debug|Any CPU
		{DC0C0368-02C4-4298-A0A4-4D660254C0EE}.Release|Any CPU.ActiveCfg = Release|Any CPU
		{DC0C0368-02C4-4298-A0A4-4D660254C0EE}.Release|Any CPU.Build.0 = Release|Any CPU
		{A1DEA6AB-51EA-410F-9177-E54D80DF7D83}.Debug|Any CPU.ActiveCfg = Debug|Any CPU
		{A1DEA6AB-51EA-410F-9177-E54D80DF7D83}.Debug|Any CPU.Build.0 = Debug|Any CPU
		{A1DEA6AB-51EA-410F-9177-E54D80DF7D83}.Release|Any CPU.ActiveCfg = Release|Any CPU
		{A1DEA6AB-51EA-410F-9177-E54D80DF7D83}.Release|Any CPU.Build.0 = Release|Any CPU
		{A6EEA736-B29F-45D4-AAC7-ACA7752B498E}.Debug|Any CPU.ActiveCfg = Debug|Any CPU
		{A6EEA736-B29F-45D4-AAC7-ACA7752B498E}.Debug|Any CPU.Build.0 = Debug|Any CPU
		{A6EEA736-B29F-45D4-AAC7-ACA7752B498E}.Release|Any CPU.ActiveCfg = Release|Any CPU
		{A6EEA736-B29F-45D4-AAC7-ACA7752B498E}.Release|Any CPU.Build.0 = Release|Any CPU
		{AD59C0DE-E0AC-4DC9-A8A8-E1EFB81C7916}.Debug|Any CPU.ActiveCfg = Debug|Any CPU
		{AD59C0DE-E0AC-4DC9-A8A8-E1EFB81C7916}.Debug|Any CPU.Build.0 = Debug|Any CPU
		{AD59C0DE-E0AC-4DC9-A8A8-E1EFB81C7916}.Release|Any CPU.ActiveCfg = Release|Any CPU
		{AD59C0DE-E0AC-4DC9-A8A8-E1EFB81C7916}.Release|Any CPU.Build.0 = Release|Any CPU
		{C5A24F74-76B3-402B-8EA2-F6AEA5E73A17}.Debug|Any CPU.ActiveCfg = Debug|Any CPU
		{C5A24F74-76B3-402B-8EA2-F6AEA5E73A17}.Debug|Any CPU.Build.0 = Debug|Any CPU
		{C5A24F74-76B3-402B-8EA2-F6AEA5E73A17}.Release|Any CPU.ActiveCfg = Release|Any CPU
		{C5A24F74-76B3-402B-8EA2-F6AEA5E73A17}.Release|Any CPU.Build.0 = Release|Any CPU
		{BF837C74-4B6F-4607-A470-8B5EBEA6D791}.Debug|Any CPU.ActiveCfg = Debug|Any CPU
		{BF837C74-4B6F-4607-A470-8B5EBEA6D791}.Debug|Any CPU.Build.0 = Debug|Any CPU
		{BF837C74-4B6F-4607-A470-8B5EBEA6D791}.Release|Any CPU.ActiveCfg = Release|Any CPU
		{BF837C74-4B6F-4607-A470-8B5EBEA6D791}.Release|Any CPU.Build.0 = Release|Any CPU
		{9FDFB9CE-FFA3-48F3-875D-F7300E942405}.Debug|Any CPU.ActiveCfg = Debug|Any CPU
		{9FDFB9CE-FFA3-48F3-875D-F7300E942405}.Debug|Any CPU.Build.0 = Debug|Any CPU
		{9FDFB9CE-FFA3-48F3-875D-F7300E942405}.Release|Any CPU.ActiveCfg = Release|Any CPU
		{9FDFB9CE-FFA3-48F3-875D-F7300E942405}.Release|Any CPU.Build.0 = Release|Any CPU
		{F839BDFF-4357-4161-8279-23043975EC08}.Debug|Any CPU.ActiveCfg = Debug|Any CPU
		{F839BDFF-4357-4161-8279-23043975EC08}.Debug|Any CPU.Build.0 = Debug|Any CPU
		{F839BDFF-4357-4161-8279-23043975EC08}.Release|Any CPU.ActiveCfg = Release|Any CPU
		{F839BDFF-4357-4161-8279-23043975EC08}.Release|Any CPU.Build.0 = Release|Any CPU
		{51E05403-2BF0-44B9-AF64-28F71CFC403C}.Debug|Any CPU.ActiveCfg = Debug|Any CPU
		{51E05403-2BF0-44B9-AF64-28F71CFC403C}.Debug|Any CPU.Build.0 = Debug|Any CPU
		{51E05403-2BF0-44B9-AF64-28F71CFC403C}.Release|Any CPU.ActiveCfg = Release|Any CPU
		{51E05403-2BF0-44B9-AF64-28F71CFC403C}.Release|Any CPU.Build.0 = Release|Any CPU
		{0A8D2269-FBB5-407B-B764-8B882983B049}.Debug|Any CPU.ActiveCfg = Debug|Any CPU
		{0A8D2269-FBB5-407B-B764-8B882983B049}.Debug|Any CPU.Build.0 = Debug|Any CPU
		{0A8D2269-FBB5-407B-B764-8B882983B049}.Release|Any CPU.ActiveCfg = Release|Any CPU
		{0A8D2269-FBB5-407B-B764-8B882983B049}.Release|Any CPU.Build.0 = Release|Any CPU
		{EF4008E8-4573-47F6-868C-A9051D3671FB}.Debug|Any CPU.ActiveCfg = Debug|Any CPU
		{EF4008E8-4573-47F6-868C-A9051D3671FB}.Debug|Any CPU.Build.0 = Debug|Any CPU
		{EF4008E8-4573-47F6-868C-A9051D3671FB}.Release|Any CPU.ActiveCfg = Release|Any CPU
		{EF4008E8-4573-47F6-868C-A9051D3671FB}.Release|Any CPU.Build.0 = Release|Any CPU
		{1387DC1C-D6D1-4F20-BBDA-9D4E79C1B7E0}.Debug|Any CPU.ActiveCfg = Debug|Any CPU
		{1387DC1C-D6D1-4F20-BBDA-9D4E79C1B7E0}.Debug|Any CPU.Build.0 = Debug|Any CPU
		{1387DC1C-D6D1-4F20-BBDA-9D4E79C1B7E0}.Release|Any CPU.ActiveCfg = Release|Any CPU
		{1387DC1C-D6D1-4F20-BBDA-9D4E79C1B7E0}.Release|Any CPU.Build.0 = Release|Any CPU
		{5246DDF4-BA95-4D05-98FA-57EFC57521A1}.Debug|Any CPU.ActiveCfg = Debug|Any CPU
		{5246DDF4-BA95-4D05-98FA-57EFC57521A1}.Debug|Any CPU.Build.0 = Debug|Any CPU
		{5246DDF4-BA95-4D05-98FA-57EFC57521A1}.Release|Any CPU.ActiveCfg = Release|Any CPU
		{5246DDF4-BA95-4D05-98FA-57EFC57521A1}.Release|Any CPU.Build.0 = Release|Any CPU
		{B7AD2F7C-06B7-44EB-B07A-20E0B8880083}.Debug|Any CPU.ActiveCfg = Debug|Any CPU
		{B7AD2F7C-06B7-44EB-B07A-20E0B8880083}.Debug|Any CPU.Build.0 = Debug|Any CPU
		{B7AD2F7C-06B7-44EB-B07A-20E0B8880083}.Release|Any CPU.ActiveCfg = Release|Any CPU
		{B7AD2F7C-06B7-44EB-B07A-20E0B8880083}.Release|Any CPU.Build.0 = Release|Any CPU
		{B4CFA25A-97C5-455C-A282-7A4A328B84ED}.Debug|Any CPU.ActiveCfg = Debug|Any CPU
		{B4CFA25A-97C5-455C-A282-7A4A328B84ED}.Debug|Any CPU.Build.0 = Debug|Any CPU
		{B4CFA25A-97C5-455C-A282-7A4A328B84ED}.Release|Any CPU.ActiveCfg = Release|Any CPU
		{B4CFA25A-97C5-455C-A282-7A4A328B84ED}.Release|Any CPU.Build.0 = Release|Any CPU
		{F5B403C4-B06D-4D02-AF7E-70A1FF5A1646}.Debug|Any CPU.ActiveCfg = Debug|Any CPU
		{F5B403C4-B06D-4D02-AF7E-70A1FF5A1646}.Debug|Any CPU.Build.0 = Debug|Any CPU
		{F5B403C4-B06D-4D02-AF7E-70A1FF5A1646}.Release|Any CPU.ActiveCfg = Release|Any CPU
		{F5B403C4-B06D-4D02-AF7E-70A1FF5A1646}.Release|Any CPU.Build.0 = Release|Any CPU
		{6C463761-F639-410C-A207-FBFFDF42FC79}.Debug|Any CPU.ActiveCfg = Debug|Any CPU
		{6C463761-F639-410C-A207-FBFFDF42FC79}.Debug|Any CPU.Build.0 = Debug|Any CPU
		{6C463761-F639-410C-A207-FBFFDF42FC79}.Release|Any CPU.ActiveCfg = Release|Any CPU
		{6C463761-F639-410C-A207-FBFFDF42FC79}.Release|Any CPU.Build.0 = Release|Any CPU
		{A71CB0FD-82A7-47B8-AF6A-B188EB53C011}.Debug|Any CPU.ActiveCfg = Debug|Any CPU
		{A71CB0FD-82A7-47B8-AF6A-B188EB53C011}.Debug|Any CPU.Build.0 = Debug|Any CPU
		{A71CB0FD-82A7-47B8-AF6A-B188EB53C011}.Release|Any CPU.ActiveCfg = Release|Any CPU
		{A71CB0FD-82A7-47B8-AF6A-B188EB53C011}.Release|Any CPU.Build.0 = Release|Any CPU
		{26AD74FD-3531-4613-90A8-C89D0CB7D5E7}.Debug|Any CPU.ActiveCfg = Debug|Any CPU
		{26AD74FD-3531-4613-90A8-C89D0CB7D5E7}.Debug|Any CPU.Build.0 = Debug|Any CPU
		{26AD74FD-3531-4613-90A8-C89D0CB7D5E7}.Release|Any CPU.ActiveCfg = Release|Any CPU
		{26AD74FD-3531-4613-90A8-C89D0CB7D5E7}.Release|Any CPU.Build.0 = Release|Any CPU
		{B8D08D89-7719-4516-B5A4-7ED5CB89D6A7}.Debug|Any CPU.ActiveCfg = Debug|Any CPU
		{B8D08D89-7719-4516-B5A4-7ED5CB89D6A7}.Debug|Any CPU.Build.0 = Debug|Any CPU
		{B8D08D89-7719-4516-B5A4-7ED5CB89D6A7}.Release|Any CPU.ActiveCfg = Release|Any CPU
		{B8D08D89-7719-4516-B5A4-7ED5CB89D6A7}.Release|Any CPU.Build.0 = Release|Any CPU
		{B5FF9FC5-7C98-4AB4-BB46-199B793C8CA3}.Debug|Any CPU.ActiveCfg = Debug|Any CPU
		{B5FF9FC5-7C98-4AB4-BB46-199B793C8CA3}.Debug|Any CPU.Build.0 = Debug|Any CPU
		{B5FF9FC5-7C98-4AB4-BB46-199B793C8CA3}.Release|Any CPU.ActiveCfg = Release|Any CPU
		{B5FF9FC5-7C98-4AB4-BB46-199B793C8CA3}.Release|Any CPU.Build.0 = Release|Any CPU
		{0C0449A6-3A0D-41AF-BE27-93D797689EAD}.Debug|Any CPU.ActiveCfg = Debug|Any CPU
		{0C0449A6-3A0D-41AF-BE27-93D797689EAD}.Debug|Any CPU.Build.0 = Debug|Any CPU
		{0C0449A6-3A0D-41AF-BE27-93D797689EAD}.Release|Any CPU.ActiveCfg = Release|Any CPU
		{0C0449A6-3A0D-41AF-BE27-93D797689EAD}.Release|Any CPU.Build.0 = Release|Any CPU
		{D8BA2E8F-6665-40F1-A0E1-D23BE441696A}.Debug|Any CPU.ActiveCfg = Debug|Any CPU
		{D8BA2E8F-6665-40F1-A0E1-D23BE441696A}.Debug|Any CPU.Build.0 = Debug|Any CPU
		{D8BA2E8F-6665-40F1-A0E1-D23BE441696A}.Release|Any CPU.ActiveCfg = Release|Any CPU
		{D8BA2E8F-6665-40F1-A0E1-D23BE441696A}.Release|Any CPU.Build.0 = Release|Any CPU
	EndGlobalSection
	GlobalSection(SolutionProperties) = preSolution
		HideSolutionNode = FALSE
	EndGlobalSection
	GlobalSection(ExtensibilityGlobals) = postSolution
		SolutionGuid = {D6BF4C16-A3E0-42E9-9D40-2BBBFFC19BA0}
	EndGlobalSection
EndGlobal