
Microsoft Visual Studio Solution File, Format Version 12.00
# Visual Studio Version 16
VisualStudioVersion = 16.0.31402.337
MinimumVisualStudioVersion = 10.0.40219.1
Project("{FAE04EC0-301F-11D3-BF4B-00C04F79EFBC}") = "classss16work", "classss16work.csproj", "{E6CE25A3-6DAE-4EE9-86FA-8A8291969D0E}"
EndProject
Global
	GlobalSection(SolutionConfigurationPlatforms) = preSolution
		Debug|Any CPU = Debug|Any CPU
		Release|Any CPU = Release|Any CPU
	EndGlobalSection
	GlobalSection(ProjectConfigurationPlatforms) = postSolution
		{E6CE25A3-6DAE-4EE9-86FA-8A8291969D0E}.Debug|Any CPU.ActiveCfg = Debug|Any CPU
		{E6CE25A3-6DAE-4EE9-86FA-8A8291969D0E}.Debug|Any CPU.Build.0 = Debug|Any CPU
		{E6CE25A3-6DAE-4EE9-86FA-8A8291969D0E}.Release|Any CPU.ActiveCfg = Release|Any CPU
		{E6CE25A3-6DAE-4EE9-86FA-8A8291969D0E}.Release|Any CPU.Build.0 = Release|Any CPU
	EndGlobalSection
	GlobalSection(SolutionProperties) = preSolution
		HideSolutionNode = FALSE
	EndGlobalSection
	GlobalSection(ExtensibilityGlobals) = postSolution
		SolutionGuid = {F7081B1E-2D4D-41C7-A9C6-1B2BF0D3CA86}
	EndGlobalSection
EndGlobal
