
Microsoft Visual Studio Solution File, Format Version 12.00
# Visual Studio Version 16
VisualStudioVersion = 16.0.31402.337
MinimumVisualStudioVersion = 10.0.40219.1
Project("{FAE04EC0-301F-11D3-BF4B-00C04F79EFBC}") = "class_", "class_.csproj", "{D3E52CAF-35D2-4F89-AAEA-6115AABFED22}"
EndProject
Global
	GlobalSection(SolutionConfigurationPlatforms) = preSolution
		Debug|Any CPU = Debug|Any CPU
		Release|Any CPU = Release|Any CPU
	EndGlobalSection
	GlobalSection(ProjectConfigurationPlatforms) = postSolution
		{D3E52CAF-35D2-4F89-AAEA-6115AABFED22}.Debug|Any CPU.ActiveCfg = Debug|Any CPU
		{D3E52CAF-35D2-4F89-AAEA-6115AABFED22}.Debug|Any CPU.Build.0 = Debug|Any CPU
		{D3E52CAF-35D2-4F89-AAEA-6115AABFED22}.Release|Any CPU.ActiveCfg = Release|Any CPU
		{D3E52CAF-35D2-4F89-AAEA-6115AABFED22}.Release|Any CPU.Build.0 = Release|Any CPU
	EndGlobalSection
	GlobalSection(SolutionProperties) = preSolution
		HideSolutionNode = FALSE
	EndGlobalSection
	GlobalSection(ExtensibilityGlobals) = postSolution
		SolutionGuid = {ED2CFDF8-09BF-4278-85CE-759BAA6C65E2}
	EndGlobalSection
EndGlobal
