
Microsoft Visual Studio Solution File, Format Version 12.00
# Visual Studio Version 16
VisualStudioVersion = 16.0.31402.337
MinimumVisualStudioVersion = 10.0.40219.1
Project("{FAE04EC0-301F-11D3-BF4B-00C04F79EFBC}") = "Class19_quary", "Class19_quary.csproj", "{B7AD2F7C-06B7-44EB-B07A-20E0B8880083}"
EndProject
Global
	GlobalSection(SolutionConfigurationPlatforms) = preSolution
		Debug|Any CPU = Debug|Any CPU
		Release|Any CPU = Release|Any CPU
	EndGlobalSection
	GlobalSection(ProjectConfigurationPlatforms) = postSolution
		{B7AD2F7C-06B7-44EB-B07A-20E0B8880083}.Debug|Any CPU.ActiveCfg = Debug|Any CPU
		{B7AD2F7C-06B7-44EB-B07A-20E0B8880083}.Debug|Any CPU.Build.0 = Debug|Any CPU
		{B7AD2F7C-06B7-44EB-B07A-20E0B8880083}.Release|Any CPU.ActiveCfg = Release|Any CPU
		{B7AD2F7C-06B7-44EB-B07A-20E0B8880083}.Release|Any CPU.Build.0 = Release|Any CPU
	EndGlobalSection
	GlobalSection(SolutionProperties) = preSolution
		HideSolutionNode = FALSE
	EndGlobalSection
	GlobalSection(ExtensibilityGlobals) = postSolution
		SolutionGuid = {DDBD7F17-9A75-4ABE-A9FF-5B2FACEE809F}
	EndGlobalSection
EndGlobal
