
Microsoft Visual Studio Solution File, Format Version 12.00
# Visual Studio 15
VisualStudioVersion = 15.0.28307.1433
MinimumVisualStudioVersion = 10.0.40219.1
Project("{FAE04EC0-301F-11D3-BF4B-00C04F79EFBC}") = "hwforloops", "hwforloops\hwforloops.csproj", "{EA85DA8B-BD95-46B1-81F8-4A403502E9B7}"
EndProject
Global
	GlobalSection(SolutionConfigurationPlatforms) = preSolution
		Debug|Any CPU = Debug|Any CPU
		Release|Any CPU = Release|Any CPU
	EndGlobalSection
	GlobalSection(ProjectConfigurationPlatforms) = postSolution
		{EA85DA8B-BD95-46B1-81F8-4A403502E9B7}.Debug|Any CPU.ActiveCfg = Debug|Any CPU
		{EA85DA8B-BD95-46B1-81F8-4A403502E9B7}.Debug|Any CPU.Build.0 = Debug|Any CPU
		{EA85DA8B-BD95-46B1-81F8-4A403502E9B7}.Release|Any CPU.ActiveCfg = Release|Any CPU
		{EA85DA8B-BD95-46B1-81F8-4A403502E9B7}.Release|Any CPU.Build.0 = Release|Any CPU
	EndGlobalSection
	GlobalSection(SolutionProperties) = preSolution
		HideSolutionNode = FALSE
	EndGlobalSection
	GlobalSection(ExtensibilityGlobals) = postSolution
		SolutionGuid = {EBA971BC-8E3A-4B01-92B2-7F553BDCDFD8}
	EndGlobalSection
EndGlobal
